// !$*UTF8*$!
{
	archiveVersion = 1;
	classes = {
	};
	objectVersion = 50;
	objects = {

/* Begin PBXBuildFile section */
		2504FD1B215A0FFD00691990 /* ZHGButton.m in Sources */ = {isa = PBXBuildFile; fileRef = 2504FD1A215A0FFD00691990 /* ZHGButton.m */; };
		2506C186215C9AA500530D13 /* UIImage+Extension.m in Sources */ = {isa = PBXBuildFile; fileRef = 2506C17E215C9AA500530D13 /* UIImage+Extension.m */; };
		2506C187215C9AA500530D13 /* CZHSearchBar.m in Sources */ = {isa = PBXBuildFile; fileRef = 2506C17F215C9AA500530D13 /* CZHSearchBar.m */; };
		2506C192215CB74900530D13 /* ZHGMeUserView.m in Sources */ = {isa = PBXBuildFile; fileRef = 2506C191215CB74900530D13 /* ZHGMeUserView.m */; };
		2506C199215CC6CC00530D13 /* ZHGLoginAndRegisterVC.m in Sources */ = {isa = PBXBuildFile; fileRef = 2506C198215CC6CC00530D13 /* ZHGLoginAndRegisterVC.m */; };
		2506C19C215CC9A100530D13 /* ZHGLoginTextField.m in Sources */ = {isa = PBXBuildFile; fileRef = 2506C19B215CC9A100530D13 /* ZHGLoginTextField.m */; };
		2506C19F215CD87B00530D13 /* ZHGLoginBtn.m in Sources */ = {isa = PBXBuildFile; fileRef = 2506C19E215CD87B00530D13 /* ZHGLoginBtn.m */; };
		2506C1A5215CDAE800530D13 /* UIScrollView+TPKeyboardAvoidingAdditions.m in Sources */ = {isa = PBXBuildFile; fileRef = 2506C1A2215CDAE800530D13 /* UIScrollView+TPKeyboardAvoidingAdditions.m */; };
		2506C1A6215CDAE800530D13 /* TPKeyboardAvoidingScrollView.m in Sources */ = {isa = PBXBuildFile; fileRef = 2506C1A3215CDAE800530D13 /* TPKeyboardAvoidingScrollView.m */; };
		250DD0C7215F0FF200CD6D3E /* ZHGForgotPwVC.m in Sources */ = {isa = PBXBuildFile; fileRef = 250DD0C6215F0FF200CD6D3E /* ZHGForgotPwVC.m */; };
		250DD0CA215F2C9A00CD6D3E /* ZHGpromptLabel.m in Sources */ = {isa = PBXBuildFile; fileRef = 250DD0C9215F2C9A00CD6D3E /* ZHGpromptLabel.m */; };
		250DD0DB215F457900CD6D3E /* SWQRCodeConfig.m in Sources */ = {isa = PBXBuildFile; fileRef = 250DD0D0215F457900CD6D3E /* SWQRCodeConfig.m */; };
		250DD0DC215F457900CD6D3E /* SWQRCodeManager.m in Sources */ = {isa = PBXBuildFile; fileRef = 250DD0D1215F457900CD6D3E /* SWQRCodeManager.m */; };
		250DD0DD215F457900CD6D3E /* SWQRCodeViewController.m in Sources */ = {isa = PBXBuildFile; fileRef = 250DD0D5215F457900CD6D3E /* SWQRCodeViewController.m */; };
		250DD0DE215F457900CD6D3E /* SWQRCode.bundle in Resources */ = {isa = PBXBuildFile; fileRef = 250DD0D6215F457900CD6D3E /* SWQRCode.bundle */; };
		250DD0DF215F457900CD6D3E /* SWScannerView.m in Sources */ = {isa = PBXBuildFile; fileRef = 250DD0D8215F457900CD6D3E /* SWScannerView.m */; };
		250DD0EF215F78F000CD6D3E /* AFURLResponseSerialization.m in Sources */ = {isa = PBXBuildFile; fileRef = 250DD0E5215F78F000CD6D3E /* AFURLResponseSerialization.m */; };
		250DD0F0215F78F000CD6D3E /* AFHTTPSessionManager.m in Sources */ = {isa = PBXBuildFile; fileRef = 250DD0E6215F78F000CD6D3E /* AFHTTPSessionManager.m */; };
		250DD0F1215F78F000CD6D3E /* AFURLSessionManager.m in Sources */ = {isa = PBXBuildFile; fileRef = 250DD0E8215F78F000CD6D3E /* AFURLSessionManager.m */; };
		250DD0F2215F78F000CD6D3E /* AFURLRequestSerialization.m in Sources */ = {isa = PBXBuildFile; fileRef = 250DD0E9215F78F000CD6D3E /* AFURLRequestSerialization.m */; };
		250DD0F3215F78F000CD6D3E /* AFNetworkReachabilityManager.m in Sources */ = {isa = PBXBuildFile; fileRef = 250DD0EB215F78F000CD6D3E /* AFNetworkReachabilityManager.m */; };
		250DD0F4215F78F000CD6D3E /* AFSecurityPolicy.m in Sources */ = {isa = PBXBuildFile; fileRef = 250DD0EC215F78F000CD6D3E /* AFSecurityPolicy.m */; };
		250DD0FC215F79FF00CD6D3E /* CzhNetworkingVariableType.m in Sources */ = {isa = PBXBuildFile; fileRef = 250DD0F6215F79FF00CD6D3E /* CzhNetworkingVariableType.m */; };
		250DD0FD215F79FF00CD6D3E /* CzhNetworkingTools.m in Sources */ = {isa = PBXBuildFile; fileRef = 250DD0F7215F79FF00CD6D3E /* CzhNetworkingTools.m */; };
		250DD0FE215F79FF00CD6D3E /* CzhNetworking.m in Sources */ = {isa = PBXBuildFile; fileRef = 250DD0FB215F79FF00CD6D3E /* CzhNetworking.m */; };
		2520B6E0215DB79C00956CB7 /* UIButton+CZHClickBtnBlock.m in Sources */ = {isa = PBXBuildFile; fileRef = 2520B6DF215DB79C00956CB7 /* UIButton+CZHClickBtnBlock.m */; };
		2520B6E3215DC8ED00956CB7 /* ZHGClickBtnView.m in Sources */ = {isa = PBXBuildFile; fileRef = 2520B6E2215DC8ED00956CB7 /* ZHGClickBtnView.m */; };
		2520B6E6215E02F700956CB7 /* ZHGRegisterVC.m in Sources */ = {isa = PBXBuildFile; fileRef = 2520B6E5215E02F700956CB7 /* ZHGRegisterVC.m */; };
		2532D511215B4C8100AFA29D /* ZHGFuncHeaderView.m in Sources */ = {isa = PBXBuildFile; fileRef = 2532D510215B4C8100AFA29D /* ZHGFuncHeaderView.m */; };
		2532D518215B552900AFA29D /* HomeFunctionCell.xib in Resources */ = {isa = PBXBuildFile; fileRef = 2532D515215B552900AFA29D /* HomeFunctionCell.xib */; };
		2532D519215B552900AFA29D /* HomeFunctionCell.m in Sources */ = {isa = PBXBuildFile; fileRef = 2532D516215B552900AFA29D /* HomeFunctionCell.m */; };
		2532D51C215B558800AFA29D /* CategoryModel.m in Sources */ = {isa = PBXBuildFile; fileRef = 2532D51B215B558800AFA29D /* CategoryModel.m */; };
		256E3424215B770B00BD681F /* ZHGHeaderView.m in Sources */ = {isa = PBXBuildFile; fileRef = 256E3423215B770B00BD681F /* ZHGHeaderView.m */; };
		258714CE215290CE0063ED99 /* ZhiHuiGuTests.m in Sources */ = {isa = PBXBuildFile; fileRef = 258714CD215290CE0063ED99 /* ZhiHuiGuTests.m */; };
		258714D9215290CF0063ED99 /* ZhiHuiGuUITests.m in Sources */ = {isa = PBXBuildFile; fileRef = 258714D8215290CF0063ED99 /* ZhiHuiGuUITests.m */; };
		25B728402154B06A00D22E94 /* LCUserDefaultsModel.m in Sources */ = {isa = PBXBuildFile; fileRef = 25B7283C2154B06A00D22E94 /* LCUserDefaultsModel.m */; };
		25B728412154B06A00D22E94 /* NSUserDefaultsModel.m in Sources */ = {isa = PBXBuildFile; fileRef = 25B7283E2154B06A00D22E94 /* NSUserDefaultsModel.m */; };
		25B7B9162153DAB30053A2A5 /* NSString+MD5Addition.m in Sources */ = {isa = PBXBuildFile; fileRef = 25B7B8E12153DAB30053A2A5 /* NSString+MD5Addition.m */; };
		25B7B9172153DAB30053A2A5 /* NSDate+CZHExtension.m in Sources */ = {isa = PBXBuildFile; fileRef = 25B7B8E72153DAB30053A2A5 /* NSDate+CZHExtension.m */; };
		25B7B9182153DAB30053A2A5 /* UIView+CZHExtension.m in Sources */ = {isa = PBXBuildFile; fileRef = 25B7B8E82153DAB30053A2A5 /* UIView+CZHExtension.m */; };
		25B7B9192153DAB30053A2A5 /* UIBarButtonItem+CZHExtension.m in Sources */ = {isa = PBXBuildFile; fileRef = 25B7B8E92153DAB30053A2A5 /* UIBarButtonItem+CZHExtension.m */; };
		25B7B91A2153DAB30053A2A5 /* UIViewController+Extend.m in Sources */ = {isa = PBXBuildFile; fileRef = 25B7B8EA2153DAB30053A2A5 /* UIViewController+Extend.m */; };
		25B7B91B2153DAB30053A2A5 /* NSObject+Log.m in Sources */ = {isa = PBXBuildFile; fileRef = 25B7B8ED2153DAB30053A2A5 /* NSObject+Log.m */; };
		25B7B91C2153DAB30053A2A5 /* CacheManager.m in Sources */ = {isa = PBXBuildFile; fileRef = 25B7B8F02153DAB30053A2A5 /* CacheManager.m */; };
		25B7B91D2153DAB30053A2A5 /* MBProgressHUD.m in Sources */ = {isa = PBXBuildFile; fileRef = 25B7B8F22153DAB30053A2A5 /* MBProgressHUD.m */; };
		25B7B91E2153DAB30053A2A5 /* MBProgressHUD+MJ.m in Sources */ = {isa = PBXBuildFile; fileRef = 25B7B8F52153DAB30053A2A5 /* MBProgressHUD+MJ.m */; };
		25B7B91F2153DAB30053A2A5 /* MBProgressHUD.bundle in Resources */ = {isa = PBXBuildFile; fileRef = 25B7B8F62153DAB30053A2A5 /* MBProgressHUD.bundle */; };
		25B7B9202153DAB30053A2A5 /* UIView+Extension.m in Sources */ = {isa = PBXBuildFile; fileRef = 25B7B8F72153DAB30053A2A5 /* UIView+Extension.m */; };
		25B7B9212153DAB30053A2A5 /* HttpRequestManager.m in Sources */ = {isa = PBXBuildFile; fileRef = 25B7B8F92153DAB30053A2A5 /* HttpRequestManager.m */; };
		25B7B9222153DAB30053A2A5 /* ZHGMarketViewController.m in Sources */ = {isa = PBXBuildFile; fileRef = 25B7B8FC2153DAB30053A2A5 /* ZHGMarketViewController.m */; };
		25B7B9232153DAB30053A2A5 /* CZHNavigationController.m in Sources */ = {isa = PBXBuildFile; fileRef = 25B7B8FE2153DAB30053A2A5 /* CZHNavigationController.m */; };
		25B7B9242153DAB30053A2A5 /* CZHTabBar.m in Sources */ = {isa = PBXBuildFile; fileRef = 25B7B9012153DAB30053A2A5 /* CZHTabBar.m */; };
		25B7B9252153DAB30053A2A5 /* ZHGTabBarController.m in Sources */ = {isa = PBXBuildFile; fileRef = 25B7B9032153DAB30053A2A5 /* ZHGTabBarController.m */; };
		25B7B9262153DAB30053A2A5 /* ZHGShoppingMallViewController.m in Sources */ = {isa = PBXBuildFile; fileRef = 25B7B9062153DAB30053A2A5 /* ZHGShoppingMallViewController.m */; };
		25B7B9272153DAB30053A2A5 /* ZHGMeViewController.m in Sources */ = {isa = PBXBuildFile; fileRef = 25B7B9082153DAB30053A2A5 /* ZHGMeViewController.m */; };
		25B7B9282153DAB30053A2A5 /* ZHGHomeViewController.m in Sources */ = {isa = PBXBuildFile; fileRef = 25B7B90C2153DAB30053A2A5 /* ZHGHomeViewController.m */; };
		25B7B9292153DAB30053A2A5 /* Assets.xcassets in Resources */ = {isa = PBXBuildFile; fileRef = 25B7B90F2153DAB30053A2A5 /* Assets.xcassets */; };
		25B7B92A2153DAB30053A2A5 /* main.m in Sources */ = {isa = PBXBuildFile; fileRef = 25B7B9102153DAB30053A2A5 /* main.m */; };
		25B7B92B2153DAB30053A2A5 /* AppDelegate.m in Sources */ = {isa = PBXBuildFile; fileRef = 25B7B9112153DAB30053A2A5 /* AppDelegate.m */; };
		25B7B92C2153DAB30053A2A5 /* ZHGFriendsViewController.m in Sources */ = {isa = PBXBuildFile; fileRef = 25B7B9142153DAB30053A2A5 /* ZHGFriendsViewController.m */; };
		25B7B95D2153DFC70053A2A5 /* UIScrollView+MJRefresh.m in Sources */ = {isa = PBXBuildFile; fileRef = 25B7B92F2153DFC70053A2A5 /* UIScrollView+MJRefresh.m */; };
		25B7B95E2153DFC70053A2A5 /* MJRefreshConst.m in Sources */ = {isa = PBXBuildFile; fileRef = 25B7B9302153DFC70053A2A5 /* MJRefreshConst.m */; };
		25B7B95F2153DFC70053A2A5 /* MJRefresh.bundle in Resources */ = {isa = PBXBuildFile; fileRef = 25B7B9342153DFC70053A2A5 /* MJRefresh.bundle */; };
		25B7B9602153DFC70053A2A5 /* UIScrollView+MJExtension.m in Sources */ = {isa = PBXBuildFile; fileRef = 25B7B9362153DFC70053A2A5 /* UIScrollView+MJExtension.m */; };
		25B7B9612153DFC70053A2A5 /* NSBundle+MJRefresh.m in Sources */ = {isa = PBXBuildFile; fileRef = 25B7B9392153DFC70053A2A5 /* NSBundle+MJRefresh.m */; };
		25B7B9622153DFC70053A2A5 /* UIView+MJExtension.m in Sources */ = {isa = PBXBuildFile; fileRef = 25B7B93A2153DFC70053A2A5 /* UIView+MJExtension.m */; };
		25B7B9632153DFC70053A2A5 /* MJRefreshBackGifFooter.m in Sources */ = {isa = PBXBuildFile; fileRef = 25B7B9412153DFC70053A2A5 /* MJRefreshBackGifFooter.m */; };
		25B7B9642153DFC70053A2A5 /* MJRefreshBackStateFooter.m in Sources */ = {isa = PBXBuildFile; fileRef = 25B7B9422153DFC70053A2A5 /* MJRefreshBackStateFooter.m */; };
		25B7B9652153DFC70053A2A5 /* MJRefreshBackNormalFooter.m in Sources */ = {isa = PBXBuildFile; fileRef = 25B7B9432153DFC70053A2A5 /* MJRefreshBackNormalFooter.m */; };
		25B7B9662153DFC70053A2A5 /* MJRefreshAutoStateFooter.m in Sources */ = {isa = PBXBuildFile; fileRef = 25B7B9482153DFC70053A2A5 /* MJRefreshAutoStateFooter.m */; };
		25B7B9672153DFC70053A2A5 /* MJRefreshAutoGifFooter.m in Sources */ = {isa = PBXBuildFile; fileRef = 25B7B9492153DFC70053A2A5 /* MJRefreshAutoGifFooter.m */; };
		25B7B9682153DFC70053A2A5 /* MJRefreshAutoNormalFooter.m in Sources */ = {isa = PBXBuildFile; fileRef = 25B7B94A2153DFC70053A2A5 /* MJRefreshAutoNormalFooter.m */; };
		25B7B9692153DFC70053A2A5 /* MJRefreshNormalHeader.m in Sources */ = {isa = PBXBuildFile; fileRef = 25B7B94C2153DFC70053A2A5 /* MJRefreshNormalHeader.m */; };
		25B7B96A2153DFC70053A2A5 /* MJRefreshStateHeader.m in Sources */ = {isa = PBXBuildFile; fileRef = 25B7B9502153DFC70053A2A5 /* MJRefreshStateHeader.m */; };
		25B7B96B2153DFC70053A2A5 /* MJRefreshGifHeader.m in Sources */ = {isa = PBXBuildFile; fileRef = 25B7B9512153DFC70053A2A5 /* MJRefreshGifHeader.m */; };
		25B7B96C2153DFC70053A2A5 /* MJRefreshFooter.m in Sources */ = {isa = PBXBuildFile; fileRef = 25B7B9532153DFC70053A2A5 /* MJRefreshFooter.m */; };
		25B7B96D2153DFC70053A2A5 /* MJRefreshHeader.m in Sources */ = {isa = PBXBuildFile; fileRef = 25B7B9552153DFC70053A2A5 /* MJRefreshHeader.m */; };
		25B7B96E2153DFC70053A2A5 /* MJRefreshBackFooter.m in Sources */ = {isa = PBXBuildFile; fileRef = 25B7B9572153DFC70053A2A5 /* MJRefreshBackFooter.m */; };
		25B7B96F2153DFC70053A2A5 /* MJRefreshAutoFooter.m in Sources */ = {isa = PBXBuildFile; fileRef = 25B7B9582153DFC70053A2A5 /* MJRefreshAutoFooter.m */; };
		25B7B9702153DFC70053A2A5 /* MJRefreshComponent.m in Sources */ = {isa = PBXBuildFile; fileRef = 25B7B95A2153DFC70053A2A5 /* MJRefreshComponent.m */; };
		25B7B9952153E4720053A2A5 /* CZHNavigationView.m in Sources */ = {isa = PBXBuildFile; fileRef = 25B7B98A2153E4720053A2A5 /* CZHNavigationView.m */; };
		25B7B9962153E4720053A2A5 /* CZHButton.m in Sources */ = {isa = PBXBuildFile; fileRef = 25B7B98B2153E4720053A2A5 /* CZHButton.m */; };
		25B7B9972153E4720053A2A5 /* HeaderFourView.m in Sources */ = {isa = PBXBuildFile; fileRef = 25B7B98C2153E4720053A2A5 /* HeaderFourView.m */; };
		25B7B9982153E4720053A2A5 /* UIView+Frame.m in Sources */ = {isa = PBXBuildFile; fileRef = 25B7B98E2153E4720053A2A5 /* UIView+Frame.m */; };
		25B7B9992153E4720053A2A5 /* CZHScrollView.m in Sources */ = {isa = PBXBuildFile; fileRef = 25B7B9922153E4720053A2A5 /* CZHScrollView.m */; };
		25B7B99A2153E4720053A2A5 /* CZHTableView.m in Sources */ = {isa = PBXBuildFile; fileRef = 25B7B9932153E4720053A2A5 /* CZHTableView.m */; };
		25E7C62B216058F00053F450 /* CZHAFNetWorKingAssistant.m in Sources */ = {isa = PBXBuildFile; fileRef = 25E7C62A216058F00053F450 /* CZHAFNetWorKingAssistant.m */; };
		25E7C631216063750053F450 /* CZH_HTTPTool.m in Sources */ = {isa = PBXBuildFile; fileRef = 25E7C630216063750053F450 /* CZH_HTTPTool.m */; };
		25E7C634216072010053F450 /* ZHGLoginedVC.m in Sources */ = {isa = PBXBuildFile; fileRef = 25E7C633216072010053F450 /* ZHGLoginedVC.m */; };
		25E7C63721607AC30053F450 /* ZHGSMSOrPsdBtn.m in Sources */ = {isa = PBXBuildFile; fileRef = 25E7C63621607AC30053F450 /* ZHGSMSOrPsdBtn.m */; };
/* End PBXBuildFile section */

/* Begin PBXContainerItemProxy section */
		258714CA215290CE0063ED99 /* PBXContainerItemProxy */ = {
			isa = PBXContainerItemProxy;
			containerPortal = 258714A9215290CE0063ED99 /* Project object */;
			proxyType = 1;
			remoteGlobalIDString = 258714B0215290CE0063ED99;
			remoteInfo = ZhiHuiGu;
		};
		258714D5215290CF0063ED99 /* PBXContainerItemProxy */ = {
			isa = PBXContainerItemProxy;
			containerPortal = 258714A9215290CE0063ED99 /* Project object */;
			proxyType = 1;
			remoteGlobalIDString = 258714B0215290CE0063ED99;
			remoteInfo = ZhiHuiGu;
		};
/* End PBXContainerItemProxy section */

/* Begin PBXFileReference section */
		2504FD19215A0FFD00691990 /* ZHGButton.h */ = {isa = PBXFileReference; lastKnownFileType = sourcecode.c.h; path = ZHGButton.h; sourceTree = "<group>"; };
		2504FD1A215A0FFD00691990 /* ZHGButton.m */ = {isa = PBXFileReference; lastKnownFileType = sourcecode.c.objc; path = ZHGButton.m; sourceTree = "<group>"; };
		2506C17D215C9AA500530D13 /* CZHSearchBar.h */ = {isa = PBXFileReference; fileEncoding = 4; lastKnownFileType = sourcecode.c.h; path = CZHSearchBar.h; sourceTree = "<group>"; };
		2506C17E215C9AA500530D13 /* UIImage+Extension.m */ = {isa = PBXFileReference; fileEncoding = 4; lastKnownFileType = sourcecode.c.objc; path = "UIImage+Extension.m"; sourceTree = "<group>"; };
		2506C17F215C9AA500530D13 /* CZHSearchBar.m */ = {isa = PBXFileReference; fileEncoding = 4; lastKnownFileType = sourcecode.c.objc; path = CZHSearchBar.m; sourceTree = "<group>"; };
		2506C180215C9AA500530D13 /* UIImage+Extension.h */ = {isa = PBXFileReference; fileEncoding = 4; lastKnownFileType = sourcecode.c.h; path = "UIImage+Extension.h"; sourceTree = "<group>"; };
		2506C190215CB74900530D13 /* ZHGMeUserView.h */ = {isa = PBXFileReference; lastKnownFileType = sourcecode.c.h; path = ZHGMeUserView.h; sourceTree = "<group>"; };
		2506C191215CB74900530D13 /* ZHGMeUserView.m */ = {isa = PBXFileReference; lastKnownFileType = sourcecode.c.objc; path = ZHGMeUserView.m; sourceTree = "<group>"; };
		2506C197215CC6CC00530D13 /* ZHGLoginAndRegisterVC.h */ = {isa = PBXFileReference; lastKnownFileType = sourcecode.c.h; path = ZHGLoginAndRegisterVC.h; sourceTree = "<group>"; };
		2506C198215CC6CC00530D13 /* ZHGLoginAndRegisterVC.m */ = {isa = PBXFileReference; lastKnownFileType = sourcecode.c.objc; path = ZHGLoginAndRegisterVC.m; sourceTree = "<group>"; };
		2506C19A215CC9A100530D13 /* ZHGLoginTextField.h */ = {isa = PBXFileReference; lastKnownFileType = sourcecode.c.h; path = ZHGLoginTextField.h; sourceTree = "<group>"; };
		2506C19B215CC9A100530D13 /* ZHGLoginTextField.m */ = {isa = PBXFileReference; lastKnownFileType = sourcecode.c.objc; path = ZHGLoginTextField.m; sourceTree = "<group>"; };
		2506C19D215CD87B00530D13 /* ZHGLoginBtn.h */ = {isa = PBXFileReference; lastKnownFileType = sourcecode.c.h; path = ZHGLoginBtn.h; sourceTree = "<group>"; };
		2506C19E215CD87B00530D13 /* ZHGLoginBtn.m */ = {isa = PBXFileReference; lastKnownFileType = sourcecode.c.objc; path = ZHGLoginBtn.m; sourceTree = "<group>"; };
		2506C1A1215CDAE800530D13 /* TPKeyboardAvoidingScrollView.h */ = {isa = PBXFileReference; fileEncoding = 4; lastKnownFileType = sourcecode.c.h; path = TPKeyboardAvoidingScrollView.h; sourceTree = "<group>"; };
		2506C1A2215CDAE800530D13 /* UIScrollView+TPKeyboardAvoidingAdditions.m */ = {isa = PBXFileReference; fileEncoding = 4; lastKnownFileType = sourcecode.c.objc; path = "UIScrollView+TPKeyboardAvoidingAdditions.m"; sourceTree = "<group>"; };
		2506C1A3215CDAE800530D13 /* TPKeyboardAvoidingScrollView.m */ = {isa = PBXFileReference; fileEncoding = 4; lastKnownFileType = sourcecode.c.objc; path = TPKeyboardAvoidingScrollView.m; sourceTree = "<group>"; };
		2506C1A4215CDAE800530D13 /* UIScrollView+TPKeyboardAvoidingAdditions.h */ = {isa = PBXFileReference; fileEncoding = 4; lastKnownFileType = sourcecode.c.h; path = "UIScrollView+TPKeyboardAvoidingAdditions.h"; sourceTree = "<group>"; };
		250DD0C5215F0FF200CD6D3E /* ZHGForgotPwVC.h */ = {isa = PBXFileReference; lastKnownFileType = sourcecode.c.h; path = ZHGForgotPwVC.h; sourceTree = "<group>"; };
		250DD0C6215F0FF200CD6D3E /* ZHGForgotPwVC.m */ = {isa = PBXFileReference; lastKnownFileType = sourcecode.c.objc; path = ZHGForgotPwVC.m; sourceTree = "<group>"; };
		250DD0C8215F2C9A00CD6D3E /* ZHGpromptLabel.h */ = {isa = PBXFileReference; lastKnownFileType = sourcecode.c.h; path = ZHGpromptLabel.h; sourceTree = "<group>"; };
		250DD0C9215F2C9A00CD6D3E /* ZHGpromptLabel.m */ = {isa = PBXFileReference; lastKnownFileType = sourcecode.c.objc; path = ZHGpromptLabel.m; sourceTree = "<group>"; };
		250DD0D0215F457900CD6D3E /* SWQRCodeConfig.m */ = {isa = PBXFileReference; fileEncoding = 4; lastKnownFileType = sourcecode.c.objc; path = SWQRCodeConfig.m; sourceTree = "<group>"; };
		250DD0D1215F457900CD6D3E /* SWQRCodeManager.m */ = {isa = PBXFileReference; fileEncoding = 4; lastKnownFileType = sourcecode.c.objc; path = SWQRCodeManager.m; sourceTree = "<group>"; };
		250DD0D2215F457900CD6D3E /* SWQRCodeConfig.h */ = {isa = PBXFileReference; fileEncoding = 4; lastKnownFileType = sourcecode.c.h; path = SWQRCodeConfig.h; sourceTree = "<group>"; };
		250DD0D3215F457900CD6D3E /* SWQRCode.h */ = {isa = PBXFileReference; fileEncoding = 4; lastKnownFileType = sourcecode.c.h; path = SWQRCode.h; sourceTree = "<group>"; };
		250DD0D4215F457900CD6D3E /* SWQRCodeManager.h */ = {isa = PBXFileReference; fileEncoding = 4; lastKnownFileType = sourcecode.c.h; path = SWQRCodeManager.h; sourceTree = "<group>"; };
		250DD0D5215F457900CD6D3E /* SWQRCodeViewController.m */ = {isa = PBXFileReference; fileEncoding = 4; lastKnownFileType = sourcecode.c.objc; path = SWQRCodeViewController.m; sourceTree = "<group>"; };
		250DD0D6215F457900CD6D3E /* SWQRCode.bundle */ = {isa = PBXFileReference; lastKnownFileType = "wrapper.plug-in"; path = SWQRCode.bundle; sourceTree = "<group>"; };
		250DD0D8215F457900CD6D3E /* SWScannerView.m */ = {isa = PBXFileReference; fileEncoding = 4; lastKnownFileType = sourcecode.c.objc; path = SWScannerView.m; sourceTree = "<group>"; };
		250DD0D9215F457900CD6D3E /* SWScannerView.h */ = {isa = PBXFileReference; fileEncoding = 4; lastKnownFileType = sourcecode.c.h; path = SWScannerView.h; sourceTree = "<group>"; };
		250DD0DA215F457900CD6D3E /* SWQRCodeViewController.h */ = {isa = PBXFileReference; fileEncoding = 4; lastKnownFileType = sourcecode.c.h; path = SWQRCodeViewController.h; sourceTree = "<group>"; };
		250DD0E1215F78F000CD6D3E /* AFSecurityPolicy.h */ = {isa = PBXFileReference; fileEncoding = 4; lastKnownFileType = sourcecode.c.h; path = AFSecurityPolicy.h; sourceTree = "<group>"; };
		250DD0E2215F78F000CD6D3E /* AFNetworkReachabilityManager.h */ = {isa = PBXFileReference; fileEncoding = 4; lastKnownFileType = sourcecode.c.h; path = AFNetworkReachabilityManager.h; sourceTree = "<group>"; };
		250DD0E3215F78F000CD6D3E /* AFURLSessionManager.h */ = {isa = PBXFileReference; fileEncoding = 4; lastKnownFileType = sourcecode.c.h; path = AFURLSessionManager.h; sourceTree = "<group>"; };
		250DD0E4215F78F000CD6D3E /* AFURLRequestSerialization.h */ = {isa = PBXFileReference; fileEncoding = 4; lastKnownFileType = sourcecode.c.h; path = AFURLRequestSerialization.h; sourceTree = "<group>"; };
		250DD0E5215F78F000CD6D3E /* AFURLResponseSerialization.m */ = {isa = PBXFileReference; fileEncoding = 4; lastKnownFileType = sourcecode.c.objc; path = AFURLResponseSerialization.m; sourceTree = "<group>"; };
		250DD0E6215F78F000CD6D3E /* AFHTTPSessionManager.m */ = {isa = PBXFileReference; fileEncoding = 4; lastKnownFileType = sourcecode.c.objc; path = AFHTTPSessionManager.m; sourceTree = "<group>"; };
		250DD0E7215F78F000CD6D3E /* AFURLResponseSerialization.h */ = {isa = PBXFileReference; fileEncoding = 4; lastKnownFileType = sourcecode.c.h; path = AFURLResponseSerialization.h; sourceTree = "<group>"; };
		250DD0E8215F78F000CD6D3E /* AFURLSessionManager.m */ = {isa = PBXFileReference; fileEncoding = 4; lastKnownFileType = sourcecode.c.objc; path = AFURLSessionManager.m; sourceTree = "<group>"; };
		250DD0E9215F78F000CD6D3E /* AFURLRequestSerialization.m */ = {isa = PBXFileReference; fileEncoding = 4; lastKnownFileType = sourcecode.c.objc; path = AFURLRequestSerialization.m; sourceTree = "<group>"; };
		250DD0EA215F78F000CD6D3E /* AFNetworking.h */ = {isa = PBXFileReference; fileEncoding = 4; lastKnownFileType = sourcecode.c.h; path = AFNetworking.h; sourceTree = "<group>"; };
		250DD0EB215F78F000CD6D3E /* AFNetworkReachabilityManager.m */ = {isa = PBXFileReference; fileEncoding = 4; lastKnownFileType = sourcecode.c.objc; path = AFNetworkReachabilityManager.m; sourceTree = "<group>"; };
		250DD0EC215F78F000CD6D3E /* AFSecurityPolicy.m */ = {isa = PBXFileReference; fileEncoding = 4; lastKnownFileType = sourcecode.c.objc; path = AFSecurityPolicy.m; sourceTree = "<group>"; };
		250DD0ED215F78F000CD6D3E /* AFCompatibilityMacros.h */ = {isa = PBXFileReference; fileEncoding = 4; lastKnownFileType = sourcecode.c.h; path = AFCompatibilityMacros.h; sourceTree = "<group>"; };
		250DD0EE215F78F000CD6D3E /* AFHTTPSessionManager.h */ = {isa = PBXFileReference; fileEncoding = 4; lastKnownFileType = sourcecode.c.h; path = AFHTTPSessionManager.h; sourceTree = "<group>"; };
		250DD0F6215F79FF00CD6D3E /* CzhNetworkingVariableType.m */ = {isa = PBXFileReference; fileEncoding = 4; lastKnownFileType = sourcecode.c.objc; path = CzhNetworkingVariableType.m; sourceTree = "<group>"; };
		250DD0F7215F79FF00CD6D3E /* CzhNetworkingTools.m */ = {isa = PBXFileReference; fileEncoding = 4; lastKnownFileType = sourcecode.c.objc; path = CzhNetworkingTools.m; sourceTree = "<group>"; };
		250DD0F8215F79FF00CD6D3E /* CzhNetworking.h */ = {isa = PBXFileReference; fileEncoding = 4; lastKnownFileType = sourcecode.c.h; path = CzhNetworking.h; sourceTree = "<group>"; };
		250DD0F9215F79FF00CD6D3E /* CzhNetworkingVariableType.h */ = {isa = PBXFileReference; fileEncoding = 4; lastKnownFileType = sourcecode.c.h; path = CzhNetworkingVariableType.h; sourceTree = "<group>"; };
		250DD0FA215F79FF00CD6D3E /* CzhNetworkingTools.h */ = {isa = PBXFileReference; fileEncoding = 4; lastKnownFileType = sourcecode.c.h; path = CzhNetworkingTools.h; sourceTree = "<group>"; };
		250DD0FB215F79FF00CD6D3E /* CzhNetworking.m */ = {isa = PBXFileReference; fileEncoding = 4; lastKnownFileType = sourcecode.c.objc; path = CzhNetworking.m; sourceTree = "<group>"; };
		2520B6DE215DB79C00956CB7 /* UIButton+CZHClickBtnBlock.h */ = {isa = PBXFileReference; lastKnownFileType = sourcecode.c.h; path = "UIButton+CZHClickBtnBlock.h"; sourceTree = "<group>"; };
		2520B6DF215DB79C00956CB7 /* UIButton+CZHClickBtnBlock.m */ = {isa = PBXFileReference; lastKnownFileType = sourcecode.c.objc; path = "UIButton+CZHClickBtnBlock.m"; sourceTree = "<group>"; };
		2520B6E1215DC8ED00956CB7 /* ZHGClickBtnView.h */ = {isa = PBXFileReference; lastKnownFileType = sourcecode.c.h; path = ZHGClickBtnView.h; sourceTree = "<group>"; };
		2520B6E2215DC8ED00956CB7 /* ZHGClickBtnView.m */ = {isa = PBXFileReference; lastKnownFileType = sourcecode.c.objc; path = ZHGClickBtnView.m; sourceTree = "<group>"; };
		2520B6E4215E02F700956CB7 /* ZHGRegisterVC.h */ = {isa = PBXFileReference; lastKnownFileType = sourcecode.c.h; path = ZHGRegisterVC.h; sourceTree = "<group>"; };
		2520B6E5215E02F700956CB7 /* ZHGRegisterVC.m */ = {isa = PBXFileReference; lastKnownFileType = sourcecode.c.objc; path = ZHGRegisterVC.m; sourceTree = "<group>"; };
		2532D50F215B4C8100AFA29D /* ZHGFuncHeaderView.h */ = {isa = PBXFileReference; lastKnownFileType = sourcecode.c.h; path = ZHGFuncHeaderView.h; sourceTree = "<group>"; };
		2532D510215B4C8100AFA29D /* ZHGFuncHeaderView.m */ = {isa = PBXFileReference; lastKnownFileType = sourcecode.c.objc; path = ZHGFuncHeaderView.m; sourceTree = "<group>"; };
		2532D515215B552900AFA29D /* HomeFunctionCell.xib */ = {isa = PBXFileReference; fileEncoding = 4; lastKnownFileType = file.xib; path = HomeFunctionCell.xib; sourceTree = "<group>"; };
		2532D516215B552900AFA29D /* HomeFunctionCell.m */ = {isa = PBXFileReference; fileEncoding = 4; lastKnownFileType = sourcecode.c.objc; path = HomeFunctionCell.m; sourceTree = "<group>"; };
		2532D517215B552900AFA29D /* HomeFunctionCell.h */ = {isa = PBXFileReference; fileEncoding = 4; lastKnownFileType = sourcecode.c.h; path = HomeFunctionCell.h; sourceTree = "<group>"; };
		2532D51A215B558800AFA29D /* CategoryModel.h */ = {isa = PBXFileReference; lastKnownFileType = sourcecode.c.h; path = CategoryModel.h; sourceTree = "<group>"; };
		2532D51B215B558800AFA29D /* CategoryModel.m */ = {isa = PBXFileReference; lastKnownFileType = sourcecode.c.objc; path = CategoryModel.m; sourceTree = "<group>"; };
		256E3422215B770B00BD681F /* ZHGHeaderView.h */ = {isa = PBXFileReference; lastKnownFileType = sourcecode.c.h; path = ZHGHeaderView.h; sourceTree = "<group>"; };
		256E3423215B770B00BD681F /* ZHGHeaderView.m */ = {isa = PBXFileReference; lastKnownFileType = sourcecode.c.objc; path = ZHGHeaderView.m; sourceTree = "<group>"; };
		258714B1215290CE0063ED99 /* ZhiHuiGu.app */ = {isa = PBXFileReference; explicitFileType = wrapper.application; includeInIndex = 0; path = ZhiHuiGu.app; sourceTree = BUILT_PRODUCTS_DIR; };
		258714C2215290CE0063ED99 /* Info.plist */ = {isa = PBXFileReference; lastKnownFileType = text.plist.xml; path = Info.plist; sourceTree = "<group>"; };
		258714C9215290CE0063ED99 /* ZhiHuiGuTests.xctest */ = {isa = PBXFileReference; explicitFileType = wrapper.cfbundle; includeInIndex = 0; path = ZhiHuiGuTests.xctest; sourceTree = BUILT_PRODUCTS_DIR; };
		258714CD215290CE0063ED99 /* ZhiHuiGuTests.m */ = {isa = PBXFileReference; lastKnownFileType = sourcecode.c.objc; path = ZhiHuiGuTests.m; sourceTree = "<group>"; };
		258714CF215290CE0063ED99 /* Info.plist */ = {isa = PBXFileReference; lastKnownFileType = text.plist.xml; path = Info.plist; sourceTree = "<group>"; };
		258714D4215290CF0063ED99 /* ZhiHuiGuUITests.xctest */ = {isa = PBXFileReference; explicitFileType = wrapper.cfbundle; includeInIndex = 0; path = ZhiHuiGuUITests.xctest; sourceTree = BUILT_PRODUCTS_DIR; };
		258714D8215290CF0063ED99 /* ZhiHuiGuUITests.m */ = {isa = PBXFileReference; lastKnownFileType = sourcecode.c.objc; path = ZhiHuiGuUITests.m; sourceTree = "<group>"; };
		258714DA215290CF0063ED99 /* Info.plist */ = {isa = PBXFileReference; lastKnownFileType = text.plist.xml; path = Info.plist; sourceTree = "<group>"; };
		25B7283C2154B06A00D22E94 /* LCUserDefaultsModel.m */ = {isa = PBXFileReference; fileEncoding = 4; lastKnownFileType = sourcecode.c.objc; path = LCUserDefaultsModel.m; sourceTree = "<group>"; };
		25B7283D2154B06A00D22E94 /* NSUserDefaultsModel.h */ = {isa = PBXFileReference; fileEncoding = 4; lastKnownFileType = sourcecode.c.h; path = NSUserDefaultsModel.h; sourceTree = "<group>"; };
		25B7283E2154B06A00D22E94 /* NSUserDefaultsModel.m */ = {isa = PBXFileReference; fileEncoding = 4; lastKnownFileType = sourcecode.c.objc; path = NSUserDefaultsModel.m; sourceTree = "<group>"; };
		25B7283F2154B06A00D22E94 /* LCUserDefaultsModel.h */ = {isa = PBXFileReference; fileEncoding = 4; lastKnownFileType = sourcecode.c.h; path = LCUserDefaultsModel.h; sourceTree = "<group>"; };
		25B7B8E12153DAB30053A2A5 /* NSString+MD5Addition.m */ = {isa = PBXFileReference; fileEncoding = 4; lastKnownFileType = sourcecode.c.objc; path = "NSString+MD5Addition.m"; sourceTree = "<group>"; };
		25B7B8E22153DAB30053A2A5 /* CacheManager.h */ = {isa = PBXFileReference; fileEncoding = 4; lastKnownFileType = sourcecode.c.h; path = CacheManager.h; sourceTree = "<group>"; };
		25B7B8E42153DAB30053A2A5 /* NSDate+CZHExtension.h */ = {isa = PBXFileReference; fileEncoding = 4; lastKnownFileType = sourcecode.c.h; path = "NSDate+CZHExtension.h"; sourceTree = "<group>"; };
		25B7B8E52153DAB30053A2A5 /* UIBarButtonItem+CZHExtension.h */ = {isa = PBXFileReference; fileEncoding = 4; lastKnownFileType = sourcecode.c.h; path = "UIBarButtonItem+CZHExtension.h"; sourceTree = "<group>"; };
		25B7B8E62153DAB30053A2A5 /* UIView+CZHExtension.h */ = {isa = PBXFileReference; fileEncoding = 4; lastKnownFileType = sourcecode.c.h; path = "UIView+CZHExtension.h"; sourceTree = "<group>"; };
		25B7B8E72153DAB30053A2A5 /* NSDate+CZHExtension.m */ = {isa = PBXFileReference; fileEncoding = 4; lastKnownFileType = sourcecode.c.objc; path = "NSDate+CZHExtension.m"; sourceTree = "<group>"; };
		25B7B8E82153DAB30053A2A5 /* UIView+CZHExtension.m */ = {isa = PBXFileReference; fileEncoding = 4; lastKnownFileType = sourcecode.c.objc; path = "UIView+CZHExtension.m"; sourceTree = "<group>"; };
		25B7B8E92153DAB30053A2A5 /* UIBarButtonItem+CZHExtension.m */ = {isa = PBXFileReference; fileEncoding = 4; lastKnownFileType = sourcecode.c.objc; path = "UIBarButtonItem+CZHExtension.m"; sourceTree = "<group>"; };
		25B7B8EA2153DAB30053A2A5 /* UIViewController+Extend.m */ = {isa = PBXFileReference; fileEncoding = 4; lastKnownFileType = sourcecode.c.objc; path = "UIViewController+Extend.m"; sourceTree = "<group>"; };
		25B7B8EB2153DAB30053A2A5 /* UIView+Extension.h */ = {isa = PBXFileReference; fileEncoding = 4; lastKnownFileType = sourcecode.c.h; path = "UIView+Extension.h"; sourceTree = "<group>"; };
		25B7B8EC2153DAB30053A2A5 /* HttpRequestManager.h */ = {isa = PBXFileReference; fileEncoding = 4; lastKnownFileType = sourcecode.c.h; path = HttpRequestManager.h; sourceTree = "<group>"; };
		25B7B8ED2153DAB30053A2A5 /* NSObject+Log.m */ = {isa = PBXFileReference; fileEncoding = 4; lastKnownFileType = sourcecode.c.objc; path = "NSObject+Log.m"; sourceTree = "<group>"; };
		25B7B8EE2153DAB30053A2A5 /* NSString+MD5Addition.h */ = {isa = PBXFileReference; fileEncoding = 4; lastKnownFileType = sourcecode.c.h; path = "NSString+MD5Addition.h"; sourceTree = "<group>"; };
		25B7B8EF2153DAB30053A2A5 /* UIViewController+Extend.h */ = {isa = PBXFileReference; fileEncoding = 4; lastKnownFileType = sourcecode.c.h; path = "UIViewController+Extend.h"; sourceTree = "<group>"; };
		25B7B8F02153DAB30053A2A5 /* CacheManager.m */ = {isa = PBXFileReference; fileEncoding = 4; lastKnownFileType = sourcecode.c.objc; path = CacheManager.m; sourceTree = "<group>"; };
		25B7B8F22153DAB30053A2A5 /* MBProgressHUD.m */ = {isa = PBXFileReference; fileEncoding = 4; lastKnownFileType = sourcecode.c.objc; path = MBProgressHUD.m; sourceTree = "<group>"; };
		25B7B8F32153DAB30053A2A5 /* MBProgressHUD+MJ.h */ = {isa = PBXFileReference; fileEncoding = 4; lastKnownFileType = sourcecode.c.h; path = "MBProgressHUD+MJ.h"; sourceTree = "<group>"; };
		25B7B8F42153DAB30053A2A5 /* MBProgressHUD.h */ = {isa = PBXFileReference; fileEncoding = 4; lastKnownFileType = sourcecode.c.h; path = MBProgressHUD.h; sourceTree = "<group>"; };
		25B7B8F52153DAB30053A2A5 /* MBProgressHUD+MJ.m */ = {isa = PBXFileReference; fileEncoding = 4; lastKnownFileType = sourcecode.c.objc; path = "MBProgressHUD+MJ.m"; sourceTree = "<group>"; };
		25B7B8F62153DAB30053A2A5 /* MBProgressHUD.bundle */ = {isa = PBXFileReference; lastKnownFileType = "wrapper.plug-in"; path = MBProgressHUD.bundle; sourceTree = "<group>"; };
		25B7B8F72153DAB30053A2A5 /* UIView+Extension.m */ = {isa = PBXFileReference; fileEncoding = 4; lastKnownFileType = sourcecode.c.objc; path = "UIView+Extension.m"; sourceTree = "<group>"; };
		25B7B8F82153DAB30053A2A5 /* NSObject+Log.h */ = {isa = PBXFileReference; fileEncoding = 4; lastKnownFileType = sourcecode.c.h; path = "NSObject+Log.h"; sourceTree = "<group>"; };
		25B7B8F92153DAB30053A2A5 /* HttpRequestManager.m */ = {isa = PBXFileReference; fileEncoding = 4; lastKnownFileType = sourcecode.c.objc; path = HttpRequestManager.m; sourceTree = "<group>"; };
		25B7B8FB2153DAB30053A2A5 /* ZHGMarketViewController.h */ = {isa = PBXFileReference; fileEncoding = 4; lastKnownFileType = sourcecode.c.h; path = ZHGMarketViewController.h; sourceTree = "<group>"; };
		25B7B8FC2153DAB30053A2A5 /* ZHGMarketViewController.m */ = {isa = PBXFileReference; fileEncoding = 4; lastKnownFileType = sourcecode.c.objc; path = ZHGMarketViewController.m; sourceTree = "<group>"; };
		25B7B8FE2153DAB30053A2A5 /* CZHNavigationController.m */ = {isa = PBXFileReference; fileEncoding = 4; lastKnownFileType = sourcecode.c.objc; path = CZHNavigationController.m; sourceTree = "<group>"; };
		25B7B8FF2153DAB30053A2A5 /* CZHTabBar.h */ = {isa = PBXFileReference; fileEncoding = 4; lastKnownFileType = sourcecode.c.h; path = CZHTabBar.h; sourceTree = "<group>"; };
		25B7B9002153DAB30053A2A5 /* ZHGTabBarController.h */ = {isa = PBXFileReference; fileEncoding = 4; lastKnownFileType = sourcecode.c.h; path = ZHGTabBarController.h; sourceTree = "<group>"; };
		25B7B9012153DAB30053A2A5 /* CZHTabBar.m */ = {isa = PBXFileReference; fileEncoding = 4; lastKnownFileType = sourcecode.c.objc; path = CZHTabBar.m; sourceTree = "<group>"; };
		25B7B9022153DAB30053A2A5 /* CZHNavigationController.h */ = {isa = PBXFileReference; fileEncoding = 4; lastKnownFileType = sourcecode.c.h; path = CZHNavigationController.h; sourceTree = "<group>"; };
		25B7B9032153DAB30053A2A5 /* ZHGTabBarController.m */ = {isa = PBXFileReference; fileEncoding = 4; lastKnownFileType = sourcecode.c.objc; path = ZHGTabBarController.m; sourceTree = "<group>"; };
		25B7B9052153DAB30053A2A5 /* ZHGShoppingMallViewController.h */ = {isa = PBXFileReference; fileEncoding = 4; lastKnownFileType = sourcecode.c.h; path = ZHGShoppingMallViewController.h; sourceTree = "<group>"; };
		25B7B9062153DAB30053A2A5 /* ZHGShoppingMallViewController.m */ = {isa = PBXFileReference; fileEncoding = 4; lastKnownFileType = sourcecode.c.objc; path = ZHGShoppingMallViewController.m; sourceTree = "<group>"; };
		25B7B9082153DAB30053A2A5 /* ZHGMeViewController.m */ = {isa = PBXFileReference; fileEncoding = 4; lastKnownFileType = sourcecode.c.objc; path = ZHGMeViewController.m; sourceTree = "<group>"; };
		25B7B9092153DAB30053A2A5 /* ZHGMeViewController.h */ = {isa = PBXFileReference; fileEncoding = 4; lastKnownFileType = sourcecode.c.h; path = ZHGMeViewController.h; sourceTree = "<group>"; };
		25B7B90B2153DAB30053A2A5 /* ZHGHomeViewController.h */ = {isa = PBXFileReference; fileEncoding = 4; lastKnownFileType = sourcecode.c.h; path = ZHGHomeViewController.h; sourceTree = "<group>"; };
		25B7B90C2153DAB30053A2A5 /* ZHGHomeViewController.m */ = {isa = PBXFileReference; fileEncoding = 4; lastKnownFileType = sourcecode.c.objc; path = ZHGHomeViewController.m; sourceTree = "<group>"; };
		25B7B90E2153DAB30053A2A5 /* AppDelegate.h */ = {isa = PBXFileReference; fileEncoding = 4; lastKnownFileType = sourcecode.c.h; path = AppDelegate.h; sourceTree = "<group>"; };
		25B7B90F2153DAB30053A2A5 /* Assets.xcassets */ = {isa = PBXFileReference; lastKnownFileType = folder.assetcatalog; path = Assets.xcassets; sourceTree = "<group>"; };
		25B7B9102153DAB30053A2A5 /* main.m */ = {isa = PBXFileReference; fileEncoding = 4; lastKnownFileType = sourcecode.c.objc; path = main.m; sourceTree = "<group>"; };
		25B7B9112153DAB30053A2A5 /* AppDelegate.m */ = {isa = PBXFileReference; fileEncoding = 4; lastKnownFileType = sourcecode.c.objc; path = AppDelegate.m; sourceTree = "<group>"; };
		25B7B9122153DAB30053A2A5 /* PrefixHeader.pch */ = {isa = PBXFileReference; fileEncoding = 4; lastKnownFileType = sourcecode.c.h; path = PrefixHeader.pch; sourceTree = "<group>"; };
		25B7B9142153DAB30053A2A5 /* ZHGFriendsViewController.m */ = {isa = PBXFileReference; fileEncoding = 4; lastKnownFileType = sourcecode.c.objc; path = ZHGFriendsViewController.m; sourceTree = "<group>"; };
		25B7B9152153DAB30053A2A5 /* ZHGFriendsViewController.h */ = {isa = PBXFileReference; fileEncoding = 4; lastKnownFileType = sourcecode.c.h; path = ZHGFriendsViewController.h; sourceTree = "<group>"; };
		25B7B92F2153DFC70053A2A5 /* UIScrollView+MJRefresh.m */ = {isa = PBXFileReference; fileEncoding = 4; lastKnownFileType = sourcecode.c.objc; path = "UIScrollView+MJRefresh.m"; sourceTree = "<group>"; };
		25B7B9302153DFC70053A2A5 /* MJRefreshConst.m */ = {isa = PBXFileReference; fileEncoding = 4; lastKnownFileType = sourcecode.c.objc; path = MJRefreshConst.m; sourceTree = "<group>"; };
		25B7B9312153DFC70053A2A5 /* UIScrollView+MJExtension.h */ = {isa = PBXFileReference; fileEncoding = 4; lastKnownFileType = sourcecode.c.h; path = "UIScrollView+MJExtension.h"; sourceTree = "<group>"; };
		25B7B9322153DFC70053A2A5 /* MJRefresh.h */ = {isa = PBXFileReference; fileEncoding = 4; lastKnownFileType = sourcecode.c.h; path = MJRefresh.h; sourceTree = "<group>"; };
		25B7B9332153DFC70053A2A5 /* NSBundle+MJRefresh.h */ = {isa = PBXFileReference; fileEncoding = 4; lastKnownFileType = sourcecode.c.h; path = "NSBundle+MJRefresh.h"; sourceTree = "<group>"; };
		25B7B9342153DFC70053A2A5 /* MJRefresh.bundle */ = {isa = PBXFileReference; lastKnownFileType = "wrapper.plug-in"; path = MJRefresh.bundle; sourceTree = "<group>"; };
		25B7B9352153DFC70053A2A5 /* UIView+MJExtension.h */ = {isa = PBXFileReference; fileEncoding = 4; lastKnownFileType = sourcecode.c.h; path = "UIView+MJExtension.h"; sourceTree = "<group>"; };
		25B7B9362153DFC70053A2A5 /* UIScrollView+MJExtension.m */ = {isa = PBXFileReference; fileEncoding = 4; lastKnownFileType = sourcecode.c.objc; path = "UIScrollView+MJExtension.m"; sourceTree = "<group>"; };
		25B7B9372153DFC70053A2A5 /* MJRefreshConst.h */ = {isa = PBXFileReference; fileEncoding = 4; lastKnownFileType = sourcecode.c.h; path = MJRefreshConst.h; sourceTree = "<group>"; };
		25B7B9382153DFC70053A2A5 /* UIScrollView+MJRefresh.h */ = {isa = PBXFileReference; fileEncoding = 4; lastKnownFileType = sourcecode.c.h; path = "UIScrollView+MJRefresh.h"; sourceTree = "<group>"; };
		25B7B9392153DFC70053A2A5 /* NSBundle+MJRefresh.m */ = {isa = PBXFileReference; fileEncoding = 4; lastKnownFileType = sourcecode.c.objc; path = "NSBundle+MJRefresh.m"; sourceTree = "<group>"; };
		25B7B93A2153DFC70053A2A5 /* UIView+MJExtension.m */ = {isa = PBXFileReference; fileEncoding = 4; lastKnownFileType = sourcecode.c.objc; path = "UIView+MJExtension.m"; sourceTree = "<group>"; };
		25B7B93E2153DFC70053A2A5 /* MJRefreshBackGifFooter.h */ = {isa = PBXFileReference; fileEncoding = 4; lastKnownFileType = sourcecode.c.h; path = MJRefreshBackGifFooter.h; sourceTree = "<group>"; };
		25B7B93F2153DFC70053A2A5 /* MJRefreshBackStateFooter.h */ = {isa = PBXFileReference; fileEncoding = 4; lastKnownFileType = sourcecode.c.h; path = MJRefreshBackStateFooter.h; sourceTree = "<group>"; };
		25B7B9402153DFC70053A2A5 /* MJRefreshBackNormalFooter.h */ = {isa = PBXFileReference; fileEncoding = 4; lastKnownFileType = sourcecode.c.h; path = MJRefreshBackNormalFooter.h; sourceTree = "<group>"; };
		25B7B9412153DFC70053A2A5 /* MJRefreshBackGifFooter.m */ = {isa = PBXFileReference; fileEncoding = 4; lastKnownFileType = sourcecode.c.objc; path = MJRefreshBackGifFooter.m; sourceTree = "<group>"; };
		25B7B9422153DFC70053A2A5 /* MJRefreshBackStateFooter.m */ = {isa = PBXFileReference; fileEncoding = 4; lastKnownFileType = sourcecode.c.objc; path = MJRefreshBackStateFooter.m; sourceTree = "<group>"; };
		25B7B9432153DFC70053A2A5 /* MJRefreshBackNormalFooter.m */ = {isa = PBXFileReference; fileEncoding = 4; lastKnownFileType = sourcecode.c.objc; path = MJRefreshBackNormalFooter.m; sourceTree = "<group>"; };
		25B7B9452153DFC70053A2A5 /* MJRefreshAutoStateFooter.h */ = {isa = PBXFileReference; fileEncoding = 4; lastKnownFileType = sourcecode.c.h; path = MJRefreshAutoStateFooter.h; sourceTree = "<group>"; };
		25B7B9462153DFC70053A2A5 /* MJRefreshAutoNormalFooter.h */ = {isa = PBXFileReference; fileEncoding = 4; lastKnownFileType = sourcecode.c.h; path = MJRefreshAutoNormalFooter.h; sourceTree = "<group>"; };
		25B7B9472153DFC70053A2A5 /* MJRefreshAutoGifFooter.h */ = {isa = PBXFileReference; fileEncoding = 4; lastKnownFileType = sourcecode.c.h; path = MJRefreshAutoGifFooter.h; sourceTree = "<group>"; };
		25B7B9482153DFC70053A2A5 /* MJRefreshAutoStateFooter.m */ = {isa = PBXFileReference; fileEncoding = 4; lastKnownFileType = sourcecode.c.objc; path = MJRefreshAutoStateFooter.m; sourceTree = "<group>"; };
		25B7B9492153DFC70053A2A5 /* MJRefreshAutoGifFooter.m */ = {isa = PBXFileReference; fileEncoding = 4; lastKnownFileType = sourcecode.c.objc; path = MJRefreshAutoGifFooter.m; sourceTree = "<group>"; };
		25B7B94A2153DFC70053A2A5 /* MJRefreshAutoNormalFooter.m */ = {isa = PBXFileReference; fileEncoding = 4; lastKnownFileType = sourcecode.c.objc; path = MJRefreshAutoNormalFooter.m; sourceTree = "<group>"; };
		25B7B94C2153DFC70053A2A5 /* MJRefreshNormalHeader.m */ = {isa = PBXFileReference; fileEncoding = 4; lastKnownFileType = sourcecode.c.objc; path = MJRefreshNormalHeader.m; sourceTree = "<group>"; };
		25B7B94D2153DFC70053A2A5 /* MJRefreshStateHeader.h */ = {isa = PBXFileReference; fileEncoding = 4; lastKnownFileType = sourcecode.c.h; path = MJRefreshStateHeader.h; sourceTree = "<group>"; };
		25B7B94E2153DFC70053A2A5 /* MJRefreshGifHeader.h */ = {isa = PBXFileReference; fileEncoding = 4; lastKnownFileType = sourcecode.c.h; path = MJRefreshGifHeader.h; sourceTree = "<group>"; };
		25B7B94F2153DFC70053A2A5 /* MJRefreshNormalHeader.h */ = {isa = PBXFileReference; fileEncoding = 4; lastKnownFileType = sourcecode.c.h; path = MJRefreshNormalHeader.h; sourceTree = "<group>"; };
		25B7B9502153DFC70053A2A5 /* MJRefreshStateHeader.m */ = {isa = PBXFileReference; fileEncoding = 4; lastKnownFileType = sourcecode.c.objc; path = MJRefreshStateHeader.m; sourceTree = "<group>"; };
		25B7B9512153DFC70053A2A5 /* MJRefreshGifHeader.m */ = {isa = PBXFileReference; fileEncoding = 4; lastKnownFileType = sourcecode.c.objc; path = MJRefreshGifHeader.m; sourceTree = "<group>"; };
		25B7B9532153DFC70053A2A5 /* MJRefreshFooter.m */ = {isa = PBXFileReference; fileEncoding = 4; lastKnownFileType = sourcecode.c.objc; path = MJRefreshFooter.m; sourceTree = "<group>"; };
		25B7B9542153DFC70053A2A5 /* MJRefreshComponent.h */ = {isa = PBXFileReference; fileEncoding = 4; lastKnownFileType = sourcecode.c.h; path = MJRefreshComponent.h; sourceTree = "<group>"; };
		25B7B9552153DFC70053A2A5 /* MJRefreshHeader.m */ = {isa = PBXFileReference; fileEncoding = 4; lastKnownFileType = sourcecode.c.objc; path = MJRefreshHeader.m; sourceTree = "<group>"; };
		25B7B9562153DFC70053A2A5 /* MJRefreshAutoFooter.h */ = {isa = PBXFileReference; fileEncoding = 4; lastKnownFileType = sourcecode.c.h; path = MJRefreshAutoFooter.h; sourceTree = "<group>"; };
		25B7B9572153DFC70053A2A5 /* MJRefreshBackFooter.m */ = {isa = PBXFileReference; fileEncoding = 4; lastKnownFileType = sourcecode.c.objc; path = MJRefreshBackFooter.m; sourceTree = "<group>"; };
		25B7B9582153DFC70053A2A5 /* MJRefreshAutoFooter.m */ = {isa = PBXFileReference; fileEncoding = 4; lastKnownFileType = sourcecode.c.objc; path = MJRefreshAutoFooter.m; sourceTree = "<group>"; };
		25B7B9592153DFC70053A2A5 /* MJRefreshHeader.h */ = {isa = PBXFileReference; fileEncoding = 4; lastKnownFileType = sourcecode.c.h; path = MJRefreshHeader.h; sourceTree = "<group>"; };
		25B7B95A2153DFC70053A2A5 /* MJRefreshComponent.m */ = {isa = PBXFileReference; fileEncoding = 4; lastKnownFileType = sourcecode.c.objc; path = MJRefreshComponent.m; sourceTree = "<group>"; };
		25B7B95B2153DFC70053A2A5 /* MJRefreshFooter.h */ = {isa = PBXFileReference; fileEncoding = 4; lastKnownFileType = sourcecode.c.h; path = MJRefreshFooter.h; sourceTree = "<group>"; };
		25B7B95C2153DFC70053A2A5 /* MJRefreshBackFooter.h */ = {isa = PBXFileReference; fileEncoding = 4; lastKnownFileType = sourcecode.c.h; path = MJRefreshBackFooter.h; sourceTree = "<group>"; };
		25B7B9872153E4720053A2A5 /* HeaderFourView.h */ = {isa = PBXFileReference; fileEncoding = 4; lastKnownFileType = sourcecode.c.h; path = HeaderFourView.h; sourceTree = "<group>"; };
		25B7B9882153E4720053A2A5 /* CZHButton.h */ = {isa = PBXFileReference; fileEncoding = 4; lastKnownFileType = sourcecode.c.h; path = CZHButton.h; sourceTree = "<group>"; };
		25B7B9892153E4720053A2A5 /* CZHNavigationView.h */ = {isa = PBXFileReference; fileEncoding = 4; lastKnownFileType = sourcecode.c.h; path = CZHNavigationView.h; sourceTree = "<group>"; };
		25B7B98A2153E4720053A2A5 /* CZHNavigationView.m */ = {isa = PBXFileReference; fileEncoding = 4; lastKnownFileType = sourcecode.c.objc; path = CZHNavigationView.m; sourceTree = "<group>"; };
		25B7B98B2153E4720053A2A5 /* CZHButton.m */ = {isa = PBXFileReference; fileEncoding = 4; lastKnownFileType = sourcecode.c.objc; path = CZHButton.m; sourceTree = "<group>"; };
		25B7B98C2153E4720053A2A5 /* HeaderFourView.m */ = {isa = PBXFileReference; fileEncoding = 4; lastKnownFileType = sourcecode.c.objc; path = HeaderFourView.m; sourceTree = "<group>"; };
		25B7B98E2153E4720053A2A5 /* UIView+Frame.m */ = {isa = PBXFileReference; fileEncoding = 4; lastKnownFileType = sourcecode.c.objc; path = "UIView+Frame.m"; sourceTree = "<group>"; };
		25B7B98F2153E4720053A2A5 /* UIView+Frame.h */ = {isa = PBXFileReference; fileEncoding = 4; lastKnownFileType = sourcecode.c.h; path = "UIView+Frame.h"; sourceTree = "<group>"; };
		25B7B9912153E4720053A2A5 /* CZHTableView.h */ = {isa = PBXFileReference; fileEncoding = 4; lastKnownFileType = sourcecode.c.h; path = CZHTableView.h; sourceTree = "<group>"; };
		25B7B9922153E4720053A2A5 /* CZHScrollView.m */ = {isa = PBXFileReference; fileEncoding = 4; lastKnownFileType = sourcecode.c.objc; path = CZHScrollView.m; sourceTree = "<group>"; };
		25B7B9932153E4720053A2A5 /* CZHTableView.m */ = {isa = PBXFileReference; fileEncoding = 4; lastKnownFileType = sourcecode.c.objc; path = CZHTableView.m; sourceTree = "<group>"; };
		25B7B9942153E4720053A2A5 /* CZHScrollView.h */ = {isa = PBXFileReference; fileEncoding = 4; lastKnownFileType = sourcecode.c.h; path = CZHScrollView.h; sourceTree = "<group>"; };
		25E7C629216058F00053F450 /* CZHAFNetWorKingAssistant.h */ = {isa = PBXFileReference; lastKnownFileType = sourcecode.c.h; path = CZHAFNetWorKingAssistant.h; sourceTree = "<group>"; };
		25E7C62A216058F00053F450 /* CZHAFNetWorKingAssistant.m */ = {isa = PBXFileReference; lastKnownFileType = sourcecode.c.objc; path = CZHAFNetWorKingAssistant.m; sourceTree = "<group>"; };
		25E7C62F216063750053F450 /* CZH_HTTPTool.h */ = {isa = PBXFileReference; lastKnownFileType = sourcecode.c.h; path = CZH_HTTPTool.h; sourceTree = "<group>"; };
		25E7C630216063750053F450 /* CZH_HTTPTool.m */ = {isa = PBXFileReference; lastKnownFileType = sourcecode.c.objc; path = CZH_HTTPTool.m; sourceTree = "<group>"; };
		25E7C632216072010053F450 /* ZHGLoginedVC.h */ = {isa = PBXFileReference; lastKnownFileType = sourcecode.c.h; path = ZHGLoginedVC.h; sourceTree = "<group>"; };
		25E7C633216072010053F450 /* ZHGLoginedVC.m */ = {isa = PBXFileReference; lastKnownFileType = sourcecode.c.objc; path = ZHGLoginedVC.m; sourceTree = "<group>"; };
		25E7C63521607AC30053F450 /* ZHGSMSOrPsdBtn.h */ = {isa = PBXFileReference; lastKnownFileType = sourcecode.c.h; name = ZHGSMSOrPsdBtn.h; path = "ZhiHuiGu/Classes/mePage-我的/CZHView/ZHGSMSOrPsdBtn.h"; sourceTree = SOURCE_ROOT; };
		25E7C63621607AC30053F450 /* ZHGSMSOrPsdBtn.m */ = {isa = PBXFileReference; lastKnownFileType = sourcecode.c.objc; name = ZHGSMSOrPsdBtn.m; path = "ZhiHuiGu/Classes/mePage-我的/CZHView/ZHGSMSOrPsdBtn.m"; sourceTree = SOURCE_ROOT; };
/* End PBXFileReference section */

/* Begin PBXFrameworksBuildPhase section */
		258714AE215290CE0063ED99 /* Frameworks */ = {
			isa = PBXFrameworksBuildPhase;
			buildActionMask = 2147483647;
			files = (
			);
			runOnlyForDeploymentPostprocessing = 0;
		};
		258714C6215290CE0063ED99 /* Frameworks */ = {
			isa = PBXFrameworksBuildPhase;
			buildActionMask = 2147483647;
			files = (
			);
			runOnlyForDeploymentPostprocessing = 0;
		};
		258714D1215290CF0063ED99 /* Frameworks */ = {
			isa = PBXFrameworksBuildPhase;
			buildActionMask = 2147483647;
			files = (
			);
			runOnlyForDeploymentPostprocessing = 0;
		};
/* End PBXFrameworksBuildPhase section */

/* Begin PBXGroup section */
		2506C17C215C9AA500530D13 /* SearchBar */ = {
			isa = PBXGroup;
			children = (
				2506C17D215C9AA500530D13 /* CZHSearchBar.h */,
				2506C17F215C9AA500530D13 /* CZHSearchBar.m */,
				2506C180215C9AA500530D13 /* UIImage+Extension.h */,
				2506C17E215C9AA500530D13 /* UIImage+Extension.m */,
			);
			path = SearchBar;
			sourceTree = "<group>";
		};
		2506C18C215CB2CC00530D13 /* CZHView */ = {
			isa = PBXGroup;
			children = (
				25E7C63521607AC30053F450 /* ZHGSMSOrPsdBtn.h */,
				25E7C63621607AC30053F450 /* ZHGSMSOrPsdBtn.m */,
				2506C190215CB74900530D13 /* ZHGMeUserView.h */,
				2506C191215CB74900530D13 /* ZHGMeUserView.m */,
			);
			path = CZHView;
			sourceTree = "<group>";
		};
		2506C193215CC65100530D13 /* ZHGLoginAndReg */ = {
			isa = PBXGroup;
			children = (
				2506C19A215CC9A100530D13 /* ZHGLoginTextField.h */,
				2506C19B215CC9A100530D13 /* ZHGLoginTextField.m */,
				2506C197215CC6CC00530D13 /* ZHGLoginAndRegisterVC.h */,
				2506C198215CC6CC00530D13 /* ZHGLoginAndRegisterVC.m */,
				2506C19D215CD87B00530D13 /* ZHGLoginBtn.h */,
				2506C19E215CD87B00530D13 /* ZHGLoginBtn.m */,
				2520B6E4215E02F700956CB7 /* ZHGRegisterVC.h */,
				2520B6E5215E02F700956CB7 /* ZHGRegisterVC.m */,
				250DD0C8215F2C9A00CD6D3E /* ZHGpromptLabel.h */,
				250DD0C9215F2C9A00CD6D3E /* ZHGpromptLabel.m */,
				250DD0C5215F0FF200CD6D3E /* ZHGForgotPwVC.h */,
				250DD0C6215F0FF200CD6D3E /* ZHGForgotPwVC.m */,
				25E7C632216072010053F450 /* ZHGLoginedVC.h */,
				25E7C633216072010053F450 /* ZHGLoginedVC.m */,
			);
			path = ZHGLoginAndReg;
			sourceTree = "<group>";
		};
		2506C1A0215CDAE800530D13 /* TPKeyboardAvoiding */ = {
			isa = PBXGroup;
			children = (
				2506C1A1215CDAE800530D13 /* TPKeyboardAvoidingScrollView.h */,
				2506C1A2215CDAE800530D13 /* UIScrollView+TPKeyboardAvoidingAdditions.m */,
				2506C1A3215CDAE800530D13 /* TPKeyboardAvoidingScrollView.m */,
				2506C1A4215CDAE800530D13 /* UIScrollView+TPKeyboardAvoidingAdditions.h */,
			);
			path = TPKeyboardAvoiding;
			sourceTree = "<group>";
		};
		250DD0CE215F457900CD6D3E /* SWQRCode */ = {
			isa = PBXGroup;
			children = (
				250DD0CF215F457900CD6D3E /* Config */,
				250DD0D5215F457900CD6D3E /* SWQRCodeViewController.m */,
				250DD0D6215F457900CD6D3E /* SWQRCode.bundle */,
				250DD0D7215F457900CD6D3E /* View */,
				250DD0DA215F457900CD6D3E /* SWQRCodeViewController.h */,
			);
			path = SWQRCode;
			sourceTree = "<group>";
		};
		250DD0CF215F457900CD6D3E /* Config */ = {
			isa = PBXGroup;
			children = (
				250DD0D0215F457900CD6D3E /* SWQRCodeConfig.m */,
				250DD0D1215F457900CD6D3E /* SWQRCodeManager.m */,
				250DD0D2215F457900CD6D3E /* SWQRCodeConfig.h */,
				250DD0D3215F457900CD6D3E /* SWQRCode.h */,
				250DD0D4215F457900CD6D3E /* SWQRCodeManager.h */,
			);
			path = Config;
			sourceTree = "<group>";
		};
		250DD0D7215F457900CD6D3E /* View */ = {
			isa = PBXGroup;
			children = (
				250DD0D8215F457900CD6D3E /* SWScannerView.m */,
				250DD0D9215F457900CD6D3E /* SWScannerView.h */,
			);
			path = View;
			sourceTree = "<group>";
		};
		250DD0E0215F78F000CD6D3E /* AFNetworking */ = {
			isa = PBXGroup;
			children = (
				250DD0EA215F78F000CD6D3E /* AFNetworking.h */,
				250DD0ED215F78F000CD6D3E /* AFCompatibilityMacros.h */,
				250DD0E1215F78F000CD6D3E /* AFSecurityPolicy.h */,
				250DD0EC215F78F000CD6D3E /* AFSecurityPolicy.m */,
				250DD0E2215F78F000CD6D3E /* AFNetworkReachabilityManager.h */,
				250DD0EB215F78F000CD6D3E /* AFNetworkReachabilityManager.m */,
				250DD0E3215F78F000CD6D3E /* AFURLSessionManager.h */,
				250DD0E8215F78F000CD6D3E /* AFURLSessionManager.m */,
				250DD0E4215F78F000CD6D3E /* AFURLRequestSerialization.h */,
				250DD0E5215F78F000CD6D3E /* AFURLResponseSerialization.m */,
				250DD0EE215F78F000CD6D3E /* AFHTTPSessionManager.h */,
				250DD0E6215F78F000CD6D3E /* AFHTTPSessionManager.m */,
				250DD0E7215F78F000CD6D3E /* AFURLResponseSerialization.h */,
				250DD0E9215F78F000CD6D3E /* AFURLRequestSerialization.m */,
			);
			path = AFNetworking;
			sourceTree = "<group>";
		};
		250DD0F5215F79FF00CD6D3E /* CzhNetworking */ = {
			isa = PBXGroup;
			children = (
				250DD0E0215F78F000CD6D3E /* AFNetworking */,
				250DD0FA215F79FF00CD6D3E /* CzhNetworkingTools.h */,
				250DD0F7215F79FF00CD6D3E /* CzhNetworkingTools.m */,
				250DD0F8215F79FF00CD6D3E /* CzhNetworking.h */,
				250DD0FB215F79FF00CD6D3E /* CzhNetworking.m */,
				250DD0F9215F79FF00CD6D3E /* CzhNetworkingVariableType.h */,
				250DD0F6215F79FF00CD6D3E /* CzhNetworkingVariableType.m */,
			);
			path = CzhNetworking;
			sourceTree = "<group>";
		};
		250DD0FF215F7A7A00CD6D3E /* CZHHttpTool */ = {
			isa = PBXGroup;
			children = (
				25E7C629216058F00053F450 /* CZHAFNetWorKingAssistant.h */,
				25E7C62A216058F00053F450 /* CZHAFNetWorKingAssistant.m */,
				25E7C62F216063750053F450 /* CZH_HTTPTool.h */,
				25E7C630216063750053F450 /* CZH_HTTPTool.m */,
			);
			path = CZHHttpTool;
			sourceTree = "<group>";
		};
		2520B6D6215DB5C500956CB7 /* NSObject+Log */ = {
			isa = PBXGroup;
			children = (
				25B7B8ED2153DAB30053A2A5 /* NSObject+Log.m */,
				25B7B8F82153DAB30053A2A5 /* NSObject+Log.h */,
			);
			path = "NSObject+Log";
			sourceTree = "<group>";
		};
		2520B6D7215DB5D700956CB7 /* HttpRequestManager */ = {
			isa = PBXGroup;
			children = (
				25B7B8EC2153DAB30053A2A5 /* HttpRequestManager.h */,
				25B7B8F92153DAB30053A2A5 /* HttpRequestManager.m */,
			);
			path = HttpRequestManager;
			sourceTree = "<group>";
		};
		2520B6D8215DB5E900956CB7 /* NSString+MD5Addition */ = {
			isa = PBXGroup;
			children = (
				25B7B8EE2153DAB30053A2A5 /* NSString+MD5Addition.h */,
				25B7B8E12153DAB30053A2A5 /* NSString+MD5Addition.m */,
			);
			path = "NSString+MD5Addition";
			sourceTree = "<group>";
		};
		2520B6D9215DB5F800956CB7 /* UIViewController+Extend */ = {
			isa = PBXGroup;
			children = (
				25B7B8EA2153DAB30053A2A5 /* UIViewController+Extend.m */,
				25B7B8EF2153DAB30053A2A5 /* UIViewController+Extend.h */,
			);
			path = "UIViewController+Extend";
			sourceTree = "<group>";
		};
		2520B6DA215DB60900956CB7 /* CacheManager */ = {
			isa = PBXGroup;
			children = (
				25B7B8E22153DAB30053A2A5 /* CacheManager.h */,
				25B7B8F02153DAB30053A2A5 /* CacheManager.m */,
			);
			path = CacheManager;
			sourceTree = "<group>";
		};
		2520B6DB215DB61500956CB7 /* UIView+Extension */ = {
			isa = PBXGroup;
			children = (
				25B7B8EB2153DAB30053A2A5 /* UIView+Extension.h */,
				25B7B8F72153DAB30053A2A5 /* UIView+Extension.m */,
			);
			path = "UIView+Extension";
			sourceTree = "<group>";
		};
		2520B6DC215DB62800956CB7 /* UIButton+CZHClickBtnBlock */ = {
			isa = PBXGroup;
			children = (
				2520B6DE215DB79C00956CB7 /* UIButton+CZHClickBtnBlock.h */,
				2520B6DF215DB79C00956CB7 /* UIButton+CZHClickBtnBlock.m */,
			);
			path = "UIButton+CZHClickBtnBlock";
			sourceTree = "<group>";
		};
		258714A8215290CE0063ED99 = {
			isa = PBXGroup;
			children = (
				258714B3215290CE0063ED99 /* ZhiHuiGu */,
				258714CC215290CE0063ED99 /* ZhiHuiGuTests */,
				258714D7215290CF0063ED99 /* ZhiHuiGuUITests */,
				258714B2215290CE0063ED99 /* Products */,
			);
			sourceTree = "<group>";
		};
		258714B2215290CE0063ED99 /* Products */ = {
			isa = PBXGroup;
			children = (
				258714B1215290CE0063ED99 /* ZhiHuiGu.app */,
				258714C9215290CE0063ED99 /* ZhiHuiGuTests.xctest */,
				258714D4215290CF0063ED99 /* ZhiHuiGuUITests.xctest */,
			);
			name = Products;
			sourceTree = "<group>";
		};
		258714B3215290CE0063ED99 /* ZhiHuiGu */ = {
			isa = PBXGroup;
			children = (
				25B7B8DF2153DAB30053A2A5 /* Classes */,
				258714C2215290CE0063ED99 /* Info.plist */,
			);
			path = ZhiHuiGu;
			sourceTree = "<group>";
		};
		258714CC215290CE0063ED99 /* ZhiHuiGuTests */ = {
			isa = PBXGroup;
			children = (
				258714CD215290CE0063ED99 /* ZhiHuiGuTests.m */,
				258714CF215290CE0063ED99 /* Info.plist */,
			);
			path = ZhiHuiGuTests;
			sourceTree = "<group>";
		};
		258714D7215290CF0063ED99 /* ZhiHuiGuUITests */ = {
			isa = PBXGroup;
			children = (
				258714D8215290CF0063ED99 /* ZhiHuiGuUITests.m */,
				258714DA215290CF0063ED99 /* Info.plist */,
			);
			path = ZhiHuiGuUITests;
			sourceTree = "<group>";
		};
		25B7283B2154B06A00D22E94 /* CZHNSUserDefaultsModel */ = {
			isa = PBXGroup;
			children = (
				25B7283D2154B06A00D22E94 /* NSUserDefaultsModel.h */,
				25B7283E2154B06A00D22E94 /* NSUserDefaultsModel.m */,
				25B7283F2154B06A00D22E94 /* LCUserDefaultsModel.h */,
				25B7283C2154B06A00D22E94 /* LCUserDefaultsModel.m */,
			);
			path = CZHNSUserDefaultsModel;
			sourceTree = "<group>";
		};
		25B7B8DF2153DAB30053A2A5 /* Classes */ = {
			isa = PBXGroup;
			children = (
				25B7B90A2153DAB30053A2A5 /* homePage-首页 */,
				25B7B8FA2153DAB30053A2A5 /* marketPage-市场 */,
				25B7B9042153DAB30053A2A5 /* shoppingsMall-商城 */,
				25B7B9132153DAB30053A2A5 /* friendsPage-朋友 */,
				25B7B9072153DAB30053A2A5 /* mePage-我的 */,
				25B7B90D2153DAB30053A2A5 /* publicFile-公共文件 */,
				25B7B8E02153DAB30053A2A5 /* Tools */,
			);
			path = Classes;
			sourceTree = "<group>";
		};
		25B7B8E02153DAB30053A2A5 /* Tools */ = {
			isa = PBXGroup;
			children = (
				25B7B8F12153DAB30053A2A5 /* MBProgressHUD */,
				250DD0FF215F7A7A00CD6D3E /* CZHHttpTool */,
				250DD0F5215F79FF00CD6D3E /* CzhNetworking */,
				2520B6DC215DB62800956CB7 /* UIButton+CZHClickBtnBlock */,
				2520B6DB215DB61500956CB7 /* UIView+Extension */,
				2520B6DA215DB60900956CB7 /* CacheManager */,
				2520B6D9215DB5F800956CB7 /* UIViewController+Extend */,
				2520B6D8215DB5E900956CB7 /* NSString+MD5Addition */,
				2520B6D7215DB5D700956CB7 /* HttpRequestManager */,
				2520B6D6215DB5C500956CB7 /* NSObject+Log */,
				2506C1A0215CDAE800530D13 /* TPKeyboardAvoiding */,
				25B7283B2154B06A00D22E94 /* CZHNSUserDefaultsModel */,
				25B7B8FD2153DAB30053A2A5 /* tarNav-导航 */,
				25B7B8E32153DAB30053A2A5 /* Extension */,
				25B7B92D2153DFC70053A2A5 /* MJRefresh */,
			);
			path = Tools;
			sourceTree = "<group>";
		};
		25B7B8E32153DAB30053A2A5 /* Extension */ = {
			isa = PBXGroup;
			children = (
				25B7B8E42153DAB30053A2A5 /* NSDate+CZHExtension.h */,
				25B7B8E52153DAB30053A2A5 /* UIBarButtonItem+CZHExtension.h */,
				25B7B8E62153DAB30053A2A5 /* UIView+CZHExtension.h */,
				25B7B8E72153DAB30053A2A5 /* NSDate+CZHExtension.m */,
				25B7B8E82153DAB30053A2A5 /* UIView+CZHExtension.m */,
				25B7B8E92153DAB30053A2A5 /* UIBarButtonItem+CZHExtension.m */,
			);
			path = Extension;
			sourceTree = "<group>";
		};
		25B7B8F12153DAB30053A2A5 /* MBProgressHUD */ = {
			isa = PBXGroup;
			children = (
				25B7B8F22153DAB30053A2A5 /* MBProgressHUD.m */,
				25B7B8F32153DAB30053A2A5 /* MBProgressHUD+MJ.h */,
				25B7B8F42153DAB30053A2A5 /* MBProgressHUD.h */,
				25B7B8F52153DAB30053A2A5 /* MBProgressHUD+MJ.m */,
				25B7B8F62153DAB30053A2A5 /* MBProgressHUD.bundle */,
			);
			path = MBProgressHUD;
			sourceTree = "<group>";
		};
		25B7B8FA2153DAB30053A2A5 /* marketPage-市场 */ = {
			isa = PBXGroup;
			children = (
				2504FD19215A0FFD00691990 /* ZHGButton.h */,
				2504FD1A215A0FFD00691990 /* ZHGButton.m */,
				25B7B8FB2153DAB30053A2A5 /* ZHGMarketViewController.h */,
				25B7B8FC2153DAB30053A2A5 /* ZHGMarketViewController.m */,
			);
			path = "marketPage-市场";
			sourceTree = "<group>";
		};
		25B7B8FD2153DAB30053A2A5 /* tarNav-导航 */ = {
			isa = PBXGroup;
			children = (
				25B7B9002153DAB30053A2A5 /* ZHGTabBarController.h */,
				25B7B9032153DAB30053A2A5 /* ZHGTabBarController.m */,
				25B7B9022153DAB30053A2A5 /* CZHNavigationController.h */,
				25B7B8FE2153DAB30053A2A5 /* CZHNavigationController.m */,
				25B7B8FF2153DAB30053A2A5 /* CZHTabBar.h */,
				25B7B9012153DAB30053A2A5 /* CZHTabBar.m */,
			);
			path = "tarNav-导航";
			sourceTree = "<group>";
		};
		25B7B9042153DAB30053A2A5 /* shoppingsMall-商城 */ = {
			isa = PBXGroup;
			children = (
				25B7B9052153DAB30053A2A5 /* ZHGShoppingMallViewController.h */,
				25B7B9062153DAB30053A2A5 /* ZHGShoppingMallViewController.m */,
			);
			path = "shoppingsMall-商城";
			sourceTree = "<group>";
		};
		25B7B9072153DAB30053A2A5 /* mePage-我的 */ = {
			isa = PBXGroup;
			children = (
				2506C193215CC65100530D13 /* ZHGLoginAndReg */,
				2506C18C215CB2CC00530D13 /* CZHView */,
				25B7B9092153DAB30053A2A5 /* ZHGMeViewController.h */,
				25B7B9082153DAB30053A2A5 /* ZHGMeViewController.m */,
			);
			path = "mePage-我的";
			sourceTree = "<group>";
		};
		25B7B90A2153DAB30053A2A5 /* homePage-首页 */ = {
			isa = PBXGroup;
			children = (
				250DD0CE215F457900CD6D3E /* SWQRCode */,
				25B7B98D2153E4720053A2A5 /* Category */,
				2506C17C215C9AA500530D13 /* SearchBar */,
				25B7B9862153E4720053A2A5 /* View */,
				25B7B9902153E4720053A2A5 /* ScrollView */,
				25B7B90B2153DAB30053A2A5 /* ZHGHomeViewController.h */,
				25B7B90C2153DAB30053A2A5 /* ZHGHomeViewController.m */,
			);
			path = "homePage-首页";
			sourceTree = "<group>";
		};
		25B7B90D2153DAB30053A2A5 /* publicFile-公共文件 */ = {
			isa = PBXGroup;
			children = (
				25B7B90E2153DAB30053A2A5 /* AppDelegate.h */,
				25B7B9112153DAB30053A2A5 /* AppDelegate.m */,
				25B7B9102153DAB30053A2A5 /* main.m */,
				25B7B9122153DAB30053A2A5 /* PrefixHeader.pch */,
				25B7B90F2153DAB30053A2A5 /* Assets.xcassets */,
			);
			path = "publicFile-公共文件";
			sourceTree = "<group>";
		};
		25B7B9132153DAB30053A2A5 /* friendsPage-朋友 */ = {
			isa = PBXGroup;
			children = (
				25B7B9152153DAB30053A2A5 /* ZHGFriendsViewController.h */,
				25B7B9142153DAB30053A2A5 /* ZHGFriendsViewController.m */,
				2520B6E1215DC8ED00956CB7 /* ZHGClickBtnView.h */,
				2520B6E2215DC8ED00956CB7 /* ZHGClickBtnView.m */,
			);
			path = "friendsPage-朋友";
			sourceTree = "<group>";
		};
		25B7B92D2153DFC70053A2A5 /* MJRefresh */ = {
			isa = PBXGroup;
			children = (
				25B7B92E2153DFC70053A2A5 /* MJRefresh */,
			);
			path = MJRefresh;
			sourceTree = "<group>";
		};
		25B7B92E2153DFC70053A2A5 /* MJRefresh */ = {
			isa = PBXGroup;
			children = (
				25B7B92F2153DFC70053A2A5 /* UIScrollView+MJRefresh.m */,
				25B7B9302153DFC70053A2A5 /* MJRefreshConst.m */,
				25B7B9312153DFC70053A2A5 /* UIScrollView+MJExtension.h */,
				25B7B9322153DFC70053A2A5 /* MJRefresh.h */,
				25B7B9332153DFC70053A2A5 /* NSBundle+MJRefresh.h */,
				25B7B9342153DFC70053A2A5 /* MJRefresh.bundle */,
				25B7B9352153DFC70053A2A5 /* UIView+MJExtension.h */,
				25B7B9362153DFC70053A2A5 /* UIScrollView+MJExtension.m */,
				25B7B9372153DFC70053A2A5 /* MJRefreshConst.h */,
				25B7B9382153DFC70053A2A5 /* UIScrollView+MJRefresh.h */,
				25B7B9392153DFC70053A2A5 /* NSBundle+MJRefresh.m */,
				25B7B93A2153DFC70053A2A5 /* UIView+MJExtension.m */,
				25B7B93B2153DFC70053A2A5 /* Custom */,
				25B7B9522153DFC70053A2A5 /* Base */,
			);
			path = MJRefresh;
			sourceTree = "<group>";
		};
		25B7B93B2153DFC70053A2A5 /* Custom */ = {
			isa = PBXGroup;
			children = (
				25B7B93C2153DFC70053A2A5 /* Footer */,
				25B7B94B2153DFC70053A2A5 /* Header */,
			);
			path = Custom;
			sourceTree = "<group>";
		};
		25B7B93C2153DFC70053A2A5 /* Footer */ = {
			isa = PBXGroup;
			children = (
				25B7B93D2153DFC70053A2A5 /* Back */,
				25B7B9442153DFC70053A2A5 /* Auto */,
			);
			path = Footer;
			sourceTree = "<group>";
		};
		25B7B93D2153DFC70053A2A5 /* Back */ = {
			isa = PBXGroup;
			children = (
				25B7B93E2153DFC70053A2A5 /* MJRefreshBackGifFooter.h */,
				25B7B93F2153DFC70053A2A5 /* MJRefreshBackStateFooter.h */,
				25B7B9402153DFC70053A2A5 /* MJRefreshBackNormalFooter.h */,
				25B7B9412153DFC70053A2A5 /* MJRefreshBackGifFooter.m */,
				25B7B9422153DFC70053A2A5 /* MJRefreshBackStateFooter.m */,
				25B7B9432153DFC70053A2A5 /* MJRefreshBackNormalFooter.m */,
			);
			path = Back;
			sourceTree = "<group>";
		};
		25B7B9442153DFC70053A2A5 /* Auto */ = {
			isa = PBXGroup;
			children = (
				25B7B9452153DFC70053A2A5 /* MJRefreshAutoStateFooter.h */,
				25B7B9462153DFC70053A2A5 /* MJRefreshAutoNormalFooter.h */,
				25B7B9472153DFC70053A2A5 /* MJRefreshAutoGifFooter.h */,
				25B7B9482153DFC70053A2A5 /* MJRefreshAutoStateFooter.m */,
				25B7B9492153DFC70053A2A5 /* MJRefreshAutoGifFooter.m */,
				25B7B94A2153DFC70053A2A5 /* MJRefreshAutoNormalFooter.m */,
			);
			path = Auto;
			sourceTree = "<group>";
		};
		25B7B94B2153DFC70053A2A5 /* Header */ = {
			isa = PBXGroup;
			children = (
				25B7B94C2153DFC70053A2A5 /* MJRefreshNormalHeader.m */,
				25B7B94D2153DFC70053A2A5 /* MJRefreshStateHeader.h */,
				25B7B94E2153DFC70053A2A5 /* MJRefreshGifHeader.h */,
				25B7B94F2153DFC70053A2A5 /* MJRefreshNormalHeader.h */,
				25B7B9502153DFC70053A2A5 /* MJRefreshStateHeader.m */,
				25B7B9512153DFC70053A2A5 /* MJRefreshGifHeader.m */,
			);
			path = Header;
			sourceTree = "<group>";
		};
		25B7B9522153DFC70053A2A5 /* Base */ = {
			isa = PBXGroup;
			children = (
				25B7B9532153DFC70053A2A5 /* MJRefreshFooter.m */,
				25B7B9542153DFC70053A2A5 /* MJRefreshComponent.h */,
				25B7B9552153DFC70053A2A5 /* MJRefreshHeader.m */,
				25B7B9562153DFC70053A2A5 /* MJRefreshAutoFooter.h */,
				25B7B9572153DFC70053A2A5 /* MJRefreshBackFooter.m */,
				25B7B9582153DFC70053A2A5 /* MJRefreshAutoFooter.m */,
				25B7B9592153DFC70053A2A5 /* MJRefreshHeader.h */,
				25B7B95A2153DFC70053A2A5 /* MJRefreshComponent.m */,
				25B7B95B2153DFC70053A2A5 /* MJRefreshFooter.h */,
				25B7B95C2153DFC70053A2A5 /* MJRefreshBackFooter.h */,
			);
			path = Base;
			sourceTree = "<group>";
		};
		25B7B9862153E4720053A2A5 /* View */ = {
			isa = PBXGroup;
			children = (
				25B7B9882153E4720053A2A5 /* CZHButton.h */,
				25B7B98B2153E4720053A2A5 /* CZHButton.m */,
				25B7B9872153E4720053A2A5 /* HeaderFourView.h */,
				25B7B98C2153E4720053A2A5 /* HeaderFourView.m */,
				2532D51A215B558800AFA29D /* CategoryModel.h */,
				2532D51B215B558800AFA29D /* CategoryModel.m */,
				2532D517215B552900AFA29D /* HomeFunctionCell.h */,
				2532D516215B552900AFA29D /* HomeFunctionCell.m */,
				2532D515215B552900AFA29D /* HomeFunctionCell.xib */,
				2532D50F215B4C8100AFA29D /* ZHGFuncHeaderView.h */,
				2532D510215B4C8100AFA29D /* ZHGFuncHeaderView.m */,
				256E3422215B770B00BD681F /* ZHGHeaderView.h */,
				256E3423215B770B00BD681F /* ZHGHeaderView.m */,
			);
			path = View;
			sourceTree = "<group>";
		};
		25B7B98D2153E4720053A2A5 /* Category */ = {
			isa = PBXGroup;
			children = (
				25B7B98E2153E4720053A2A5 /* UIView+Frame.m */,
				25B7B98F2153E4720053A2A5 /* UIView+Frame.h */,
			);
			path = Category;
			sourceTree = "<group>";
		};
		25B7B9902153E4720053A2A5 /* ScrollView */ = {
			isa = PBXGroup;
			children = (
				25B7B9892153E4720053A2A5 /* CZHNavigationView.h */,
				25B7B98A2153E4720053A2A5 /* CZHNavigationView.m */,
				25B7B9912153E4720053A2A5 /* CZHTableView.h */,
				25B7B9932153E4720053A2A5 /* CZHTableView.m */,
				25B7B9942153E4720053A2A5 /* CZHScrollView.h */,
				25B7B9922153E4720053A2A5 /* CZHScrollView.m */,
			);
			path = ScrollView;
			sourceTree = "<group>";
		};
/* End PBXGroup section */

/* Begin PBXNativeTarget section */
		258714B0215290CE0063ED99 /* ZhiHuiGu */ = {
			isa = PBXNativeTarget;
			buildConfigurationList = 258714DD215290CF0063ED99 /* Build configuration list for PBXNativeTarget "ZhiHuiGu" */;
			buildPhases = (
				258714AD215290CE0063ED99 /* Sources */,
				258714AE215290CE0063ED99 /* Frameworks */,
				258714AF215290CE0063ED99 /* Resources */,
			);
			buildRules = (
			);
			dependencies = (
			);
			name = ZhiHuiGu;
			productName = ZhiHuiGu;
			productReference = 258714B1215290CE0063ED99 /* ZhiHuiGu.app */;
			productType = "com.apple.product-type.application";
		};
		258714C8215290CE0063ED99 /* ZhiHuiGuTests */ = {
			isa = PBXNativeTarget;
			buildConfigurationList = 258714E0215290CF0063ED99 /* Build configuration list for PBXNativeTarget "ZhiHuiGuTests" */;
			buildPhases = (
				258714C5215290CE0063ED99 /* Sources */,
				258714C6215290CE0063ED99 /* Frameworks */,
				258714C7215290CE0063ED99 /* Resources */,
			);
			buildRules = (
			);
			dependencies = (
				258714CB215290CE0063ED99 /* PBXTargetDependency */,
			);
			name = ZhiHuiGuTests;
			productName = ZhiHuiGuTests;
			productReference = 258714C9215290CE0063ED99 /* ZhiHuiGuTests.xctest */;
			productType = "com.apple.product-type.bundle.unit-test";
		};
		258714D3215290CF0063ED99 /* ZhiHuiGuUITests */ = {
			isa = PBXNativeTarget;
			buildConfigurationList = 258714E3215290CF0063ED99 /* Build configuration list for PBXNativeTarget "ZhiHuiGuUITests" */;
			buildPhases = (
				258714D0215290CF0063ED99 /* Sources */,
				258714D1215290CF0063ED99 /* Frameworks */,
				258714D2215290CF0063ED99 /* Resources */,
			);
			buildRules = (
			);
			dependencies = (
				258714D6215290CF0063ED99 /* PBXTargetDependency */,
			);
			name = ZhiHuiGuUITests;
			productName = ZhiHuiGuUITests;
			productReference = 258714D4215290CF0063ED99 /* ZhiHuiGuUITests.xctest */;
			productType = "com.apple.product-type.bundle.ui-testing";
		};
/* End PBXNativeTarget section */

/* Begin PBXProject section */
		258714A9215290CE0063ED99 /* Project object */ = {
			isa = PBXProject;
			attributes = {
				CLASSPREFIX = ZHG;
				LastUpgradeCheck = 1000;
				ORGANIZATIONNAME = CYJ;
				TargetAttributes = {
					258714B0215290CE0063ED99 = {
						CreatedOnToolsVersion = 10.0;
					};
					258714C8215290CE0063ED99 = {
						CreatedOnToolsVersion = 10.0;
						TestTargetID = 258714B0215290CE0063ED99;
					};
					258714D3215290CF0063ED99 = {
						CreatedOnToolsVersion = 10.0;
						TestTargetID = 258714B0215290CE0063ED99;
					};
				};
			};
			buildConfigurationList = 258714AC215290CE0063ED99 /* Build configuration list for PBXProject "ZhiHuiGu" */;
			compatibilityVersion = "Xcode 9.3";
			developmentRegion = en;
			hasScannedForEncodings = 0;
			knownRegions = (
				en,
				Base,
			);
			mainGroup = 258714A8215290CE0063ED99;
			productRefGroup = 258714B2215290CE0063ED99 /* Products */;
			projectDirPath = "";
			projectRoot = "";
			targets = (
				258714B0215290CE0063ED99 /* ZhiHuiGu */,
				258714C8215290CE0063ED99 /* ZhiHuiGuTests */,
				258714D3215290CF0063ED99 /* ZhiHuiGuUITests */,
			);
		};
/* End PBXProject section */

/* Begin PBXResourcesBuildPhase section */
		258714AF215290CE0063ED99 /* Resources */ = {
			isa = PBXResourcesBuildPhase;
			buildActionMask = 2147483647;
			files = (
				250DD0DE215F457900CD6D3E /* SWQRCode.bundle in Resources */,
				2532D518215B552900AFA29D /* HomeFunctionCell.xib in Resources */,
				25B7B9292153DAB30053A2A5 /* Assets.xcassets in Resources */,
				25B7B91F2153DAB30053A2A5 /* MBProgressHUD.bundle in Resources */,
				25B7B95F2153DFC70053A2A5 /* MJRefresh.bundle in Resources */,
			);
			runOnlyForDeploymentPostprocessing = 0;
		};
		258714C7215290CE0063ED99 /* Resources */ = {
			isa = PBXResourcesBuildPhase;
			buildActionMask = 2147483647;
			files = (
			);
			runOnlyForDeploymentPostprocessing = 0;
		};
		258714D2215290CF0063ED99 /* Resources */ = {
			isa = PBXResourcesBuildPhase;
			buildActionMask = 2147483647;
			files = (
			);
			runOnlyForDeploymentPostprocessing = 0;
		};
/* End PBXResourcesBuildPhase section */

/* Begin PBXSourcesBuildPhase section */
		258714AD215290CE0063ED99 /* Sources */ = {
			isa = PBXSourcesBuildPhase;
			buildActionMask = 2147483647;
			files = (
				25B7B9262153DAB30053A2A5 /* ZHGShoppingMallViewController.m in Sources */,
				256E3424215B770B00BD681F /* ZHGHeaderView.m in Sources */,
				25B7B9232153DAB30053A2A5 /* CZHNavigationController.m in Sources */,
				25B7B9662153DFC70053A2A5 /* MJRefreshAutoStateFooter.m in Sources */,
				25B7B96B2153DFC70053A2A5 /* MJRefreshGifHeader.m in Sources */,
				25B7B9972153E4720053A2A5 /* HeaderFourView.m in Sources */,
				25B7B9252153DAB30053A2A5 /* ZHGTabBarController.m in Sources */,
				25B7B96C2153DFC70053A2A5 /* MJRefreshFooter.m in Sources */,
				250DD0F4215F78F000CD6D3E /* AFSecurityPolicy.m in Sources */,
				25B7B9992153E4720053A2A5 /* CZHScrollView.m in Sources */,
				25B7B92C2153DAB30053A2A5 /* ZHGFriendsViewController.m in Sources */,
				250DD0FE215F79FF00CD6D3E /* CzhNetworking.m in Sources */,
				25B7B9202153DAB30053A2A5 /* UIView+Extension.m in Sources */,
				25E7C634216072010053F450 /* ZHGLoginedVC.m in Sources */,
				250DD0F2215F78F000CD6D3E /* AFURLRequestSerialization.m in Sources */,
				25B7B92B2153DAB30053A2A5 /* AppDelegate.m in Sources */,
				25B7B91E2153DAB30053A2A5 /* MBProgressHUD+MJ.m in Sources */,
				25B7B95E2153DFC70053A2A5 /* MJRefreshConst.m in Sources */,
				250DD0FD215F79FF00CD6D3E /* CzhNetworkingTools.m in Sources */,
				25B7B9282153DAB30053A2A5 /* ZHGHomeViewController.m in Sources */,
				25B7B9622153DFC70053A2A5 /* UIView+MJExtension.m in Sources */,
				25B7B99A2153E4720053A2A5 /* CZHTableView.m in Sources */,
				25B7B9192153DAB30053A2A5 /* UIBarButtonItem+CZHExtension.m in Sources */,
				2532D51C215B558800AFA29D /* CategoryModel.m in Sources */,
				25B7B96E2153DFC70053A2A5 /* MJRefreshBackFooter.m in Sources */,
				250DD0DF215F457900CD6D3E /* SWScannerView.m in Sources */,
				25B7B9172153DAB30053A2A5 /* NSDate+CZHExtension.m in Sources */,
				25B7B96D2153DFC70053A2A5 /* MJRefreshHeader.m in Sources */,
				2506C199215CC6CC00530D13 /* ZHGLoginAndRegisterVC.m in Sources */,
				25B7B9682153DFC70053A2A5 /* MJRefreshAutoNormalFooter.m in Sources */,
				250DD0DD215F457900CD6D3E /* SWQRCodeViewController.m in Sources */,
				25B7B92A2153DAB30053A2A5 /* main.m in Sources */,
				25B7B96A2153DFC70053A2A5 /* MJRefreshStateHeader.m in Sources */,
				250DD0C7215F0FF200CD6D3E /* ZHGForgotPwVC.m in Sources */,
				25B7B9632153DFC70053A2A5 /* MJRefreshBackGifFooter.m in Sources */,
				25B728402154B06A00D22E94 /* LCUserDefaultsModel.m in Sources */,
				25B7B9602153DFC70053A2A5 /* UIScrollView+MJExtension.m in Sources */,
				250DD0CA215F2C9A00CD6D3E /* ZHGpromptLabel.m in Sources */,
				25B7B96F2153DFC70053A2A5 /* MJRefreshAutoFooter.m in Sources */,
				250DD0DC215F457900CD6D3E /* SWQRCodeManager.m in Sources */,
				25E7C63721607AC30053F450 /* ZHGSMSOrPsdBtn.m in Sources */,
				25B7B9612153DFC70053A2A5 /* NSBundle+MJRefresh.m in Sources */,
				250DD0F3215F78F000CD6D3E /* AFNetworkReachabilityManager.m in Sources */,
				25B7B9692153DFC70053A2A5 /* MJRefreshNormalHeader.m in Sources */,
				25B7B9222153DAB30053A2A5 /* ZHGMarketViewController.m in Sources */,
				25B7B9652153DFC70053A2A5 /* MJRefreshBackNormalFooter.m in Sources */,
				250DD0F0215F78F000CD6D3E /* AFHTTPSessionManager.m in Sources */,
				250DD0EF215F78F000CD6D3E /* AFURLResponseSerialization.m in Sources */,
				2506C186215C9AA500530D13 /* UIImage+Extension.m in Sources */,
				25B7B95D2153DFC70053A2A5 /* UIScrollView+MJRefresh.m in Sources */,
				250DD0F1215F78F000CD6D3E /* AFURLSessionManager.m in Sources */,
				25B7B9212153DAB30053A2A5 /* HttpRequestManager.m in Sources */,
				25B7B9952153E4720053A2A5 /* CZHNavigationView.m in Sources */,
				25E7C62B216058F00053F450 /* CZHAFNetWorKingAssistant.m in Sources */,
				25B7B91C2153DAB30053A2A5 /* CacheManager.m in Sources */,
				2506C1A6215CDAE800530D13 /* TPKeyboardAvoidingScrollView.m in Sources */,
				25B7B9982153E4720053A2A5 /* UIView+Frame.m in Sources */,
				2520B6E0215DB79C00956CB7 /* UIButton+CZHClickBtnBlock.m in Sources */,
				25B7B9642153DFC70053A2A5 /* MJRefreshBackStateFooter.m in Sources */,
				25E7C631216063750053F450 /* CZH_HTTPTool.m in Sources */,
				250DD0DB215F457900CD6D3E /* SWQRCodeConfig.m in Sources */,
				2506C19C215CC9A100530D13 /* ZHGLoginTextField.m in Sources */,
				25B7B91B2153DAB30053A2A5 /* NSObject+Log.m in Sources */,
				25B7B9702153DFC70053A2A5 /* MJRefreshComponent.m in Sources */,
				2506C19F215CD87B00530D13 /* ZHGLoginBtn.m in Sources */,
				25B7B9182153DAB30053A2A5 /* UIView+CZHExtension.m in Sources */,
				2506C187215C9AA500530D13 /* CZHSearchBar.m in Sources */,
				2520B6E6215E02F700956CB7 /* ZHGRegisterVC.m in Sources */,
				2520B6E3215DC8ED00956CB7 /* ZHGClickBtnView.m in Sources */,
				25B7B9162153DAB30053A2A5 /* NSString+MD5Addition.m in Sources */,
				25B728412154B06A00D22E94 /* NSUserDefaultsModel.m in Sources */,
				2506C1A5215CDAE800530D13 /* UIScrollView+TPKeyboardAvoidingAdditions.m in Sources */,
				25B7B9242153DAB30053A2A5 /* CZHTabBar.m in Sources */,
				2532D511215B4C8100AFA29D /* ZHGFuncHeaderView.m in Sources */,
				25B7B9962153E4720053A2A5 /* CZHButton.m in Sources */,
				2504FD1B215A0FFD00691990 /* ZHGButton.m in Sources */,
				25B7B9272153DAB30053A2A5 /* ZHGMeViewController.m in Sources */,
				2532D519215B552900AFA29D /* HomeFunctionCell.m in Sources */,
				2506C192215CB74900530D13 /* ZHGMeUserView.m in Sources */,
				25B7B91A2153DAB30053A2A5 /* UIViewController+Extend.m in Sources */,
				25B7B9672153DFC70053A2A5 /* MJRefreshAutoGifFooter.m in Sources */,
				250DD0FC215F79FF00CD6D3E /* CzhNetworkingVariableType.m in Sources */,
				25B7B91D2153DAB30053A2A5 /* MBProgressHUD.m in Sources */,
			);
			runOnlyForDeploymentPostprocessing = 0;
		};
		258714C5215290CE0063ED99 /* Sources */ = {
			isa = PBXSourcesBuildPhase;
			buildActionMask = 2147483647;
			files = (
				258714CE215290CE0063ED99 /* ZhiHuiGuTests.m in Sources */,
			);
			runOnlyForDeploymentPostprocessing = 0;
		};
		258714D0215290CF0063ED99 /* Sources */ = {
			isa = PBXSourcesBuildPhase;
			buildActionMask = 2147483647;
			files = (
				258714D9215290CF0063ED99 /* ZhiHuiGuUITests.m in Sources */,
			);
			runOnlyForDeploymentPostprocessing = 0;
		};
/* End PBXSourcesBuildPhase section */

/* Begin PBXTargetDependency section */
		258714CB215290CE0063ED99 /* PBXTargetDependency */ = {
			isa = PBXTargetDependency;
			target = 258714B0215290CE0063ED99 /* ZhiHuiGu */;
			targetProxy = 258714CA215290CE0063ED99 /* PBXContainerItemProxy */;
		};
		258714D6215290CF0063ED99 /* PBXTargetDependency */ = {
			isa = PBXTargetDependency;
			target = 258714B0215290CE0063ED99 /* ZhiHuiGu */;
			targetProxy = 258714D5215290CF0063ED99 /* PBXContainerItemProxy */;
		};
/* End PBXTargetDependency section */

/* Begin XCBuildConfiguration section */
		258714DB215290CF0063ED99 /* Debug */ = {
			isa = XCBuildConfiguration;
			buildSettings = {
				ALWAYS_SEARCH_USER_PATHS = NO;
				CLANG_ANALYZER_NONNULL = YES;
				CLANG_ANALYZER_NUMBER_OBJECT_CONVERSION = YES_AGGRESSIVE;
				CLANG_CXX_LANGUAGE_STANDARD = "gnu++14";
				CLANG_CXX_LIBRARY = "libc++";
				CLANG_ENABLE_MODULES = YES;
				CLANG_ENABLE_OBJC_ARC = YES;
				CLANG_ENABLE_OBJC_WEAK = YES;
				CLANG_WARN_BLOCK_CAPTURE_AUTORELEASING = YES;
				CLANG_WARN_BOOL_CONVERSION = YES;
				CLANG_WARN_COMMA = YES;
				CLANG_WARN_CONSTANT_CONVERSION = YES;
				CLANG_WARN_DEPRECATED_OBJC_IMPLEMENTATIONS = YES;
				CLANG_WARN_DIRECT_OBJC_ISA_USAGE = YES_ERROR;
				CLANG_WARN_DOCUMENTATION_COMMENTS = YES;
				CLANG_WARN_EMPTY_BODY = YES;
				CLANG_WARN_ENUM_CONVERSION = YES;
				CLANG_WARN_INFINITE_RECURSION = YES;
				CLANG_WARN_INT_CONVERSION = YES;
				CLANG_WARN_NON_LITERAL_NULL_CONVERSION = YES;
				CLANG_WARN_OBJC_IMPLICIT_RETAIN_SELF = YES;
				CLANG_WARN_OBJC_LITERAL_CONVERSION = YES;
				CLANG_WARN_OBJC_ROOT_CLASS = YES_ERROR;
				CLANG_WARN_RANGE_LOOP_ANALYSIS = YES;
				CLANG_WARN_STRICT_PROTOTYPES = YES;
				CLANG_WARN_SUSPICIOUS_MOVE = YES;
				CLANG_WARN_UNGUARDED_AVAILABILITY = YES_AGGRESSIVE;
				CLANG_WARN_UNREACHABLE_CODE = YES;
				CLANG_WARN__DUPLICATE_METHOD_MATCH = YES;
				CODE_SIGN_IDENTITY = "iPhone Developer";
				COPY_PHASE_STRIP = NO;
				DEBUG_INFORMATION_FORMAT = dwarf;
				ENABLE_STRICT_OBJC_MSGSEND = YES;
				ENABLE_TESTABILITY = YES;
				GCC_C_LANGUAGE_STANDARD = gnu11;
				GCC_DYNAMIC_NO_PIC = NO;
				GCC_NO_COMMON_BLOCKS = YES;
				GCC_OPTIMIZATION_LEVEL = 0;
				GCC_PREFIX_HEADER = "/Users/cyj/Desktop/ZhiHuiGu/ZhiHuiGu/Classes/publicFile-公共文件/PrefixHeader.pch";
				GCC_PREPROCESSOR_DEFINITIONS = (
					"DEBUG=1",
					"$(inherited)",
				);
				GCC_WARN_64_TO_32_BIT_CONVERSION = YES;
				GCC_WARN_ABOUT_RETURN_TYPE = YES_ERROR;
				GCC_WARN_UNDECLARED_SELECTOR = YES;
				GCC_WARN_UNINITIALIZED_AUTOS = YES_AGGRESSIVE;
				GCC_WARN_UNUSED_FUNCTION = YES;
				GCC_WARN_UNUSED_VARIABLE = YES;
				IPHONEOS_DEPLOYMENT_TARGET = 12.0;
				MTL_ENABLE_DEBUG_INFO = INCLUDE_SOURCE;
				MTL_FAST_MATH = YES;
				ONLY_ACTIVE_ARCH = YES;
				SDKROOT = iphoneos;
			};
			name = Debug;
		};
		258714DC215290CF0063ED99 /* Release */ = {
			isa = XCBuildConfiguration;
			buildSettings = {
				ALWAYS_SEARCH_USER_PATHS = NO;
				CLANG_ANALYZER_NONNULL = YES;
				CLANG_ANALYZER_NUMBER_OBJECT_CONVERSION = YES_AGGRESSIVE;
				CLANG_CXX_LANGUAGE_STANDARD = "gnu++14";
				CLANG_CXX_LIBRARY = "libc++";
				CLANG_ENABLE_MODULES = YES;
				CLANG_ENABLE_OBJC_ARC = YES;
				CLANG_ENABLE_OBJC_WEAK = YES;
				CLANG_WARN_BLOCK_CAPTURE_AUTORELEASING = YES;
				CLANG_WARN_BOOL_CONVERSION = YES;
				CLANG_WARN_COMMA = YES;
				CLANG_WARN_CONSTANT_CONVERSION = YES;
				CLANG_WARN_DEPRECATED_OBJC_IMPLEMENTATIONS = YES;
				CLANG_WARN_DIRECT_OBJC_ISA_USAGE = YES_ERROR;
				CLANG_WARN_DOCUMENTATION_COMMENTS = YES;
				CLANG_WARN_EMPTY_BODY = YES;
				CLANG_WARN_ENUM_CONVERSION = YES;
				CLANG_WARN_INFINITE_RECURSION = YES;
				CLANG_WARN_INT_CONVERSION = YES;
				CLANG_WARN_NON_LITERAL_NULL_CONVERSION = YES;
				CLANG_WARN_OBJC_IMPLICIT_RETAIN_SELF = YES;
				CLANG_WARN_OBJC_LITERAL_CONVERSION = YES;
				CLANG_WARN_OBJC_ROOT_CLASS = YES_ERROR;
				CLANG_WARN_RANGE_LOOP_ANALYSIS = YES;
				CLANG_WARN_STRICT_PROTOTYPES = YES;
				CLANG_WARN_SUSPICIOUS_MOVE = YES;
				CLANG_WARN_UNGUARDED_AVAILABILITY = YES_AGGRESSIVE;
				CLANG_WARN_UNREACHABLE_CODE = YES;
				CLANG_WARN__DUPLICATE_METHOD_MATCH = YES;
				CODE_SIGN_IDENTITY = "iPhone Developer";
				COPY_PHASE_STRIP = NO;
				DEBUG_INFORMATION_FORMAT = "dwarf-with-dsym";
				ENABLE_NS_ASSERTIONS = NO;
				ENABLE_STRICT_OBJC_MSGSEND = YES;
				GCC_C_LANGUAGE_STANDARD = gnu11;
				GCC_NO_COMMON_BLOCKS = YES;
				GCC_PREFIX_HEADER = "/Users/cyj/Desktop/ZhiHuiGu/ZhiHuiGu/Classes/publicFile-公共文件/PrefixHeader.pch";
				GCC_WARN_64_TO_32_BIT_CONVERSION = YES;
				GCC_WARN_ABOUT_RETURN_TYPE = YES_ERROR;
				GCC_WARN_UNDECLARED_SELECTOR = YES;
				GCC_WARN_UNINITIALIZED_AUTOS = YES_AGGRESSIVE;
				GCC_WARN_UNUSED_FUNCTION = YES;
				GCC_WARN_UNUSED_VARIABLE = YES;
				IPHONEOS_DEPLOYMENT_TARGET = 12.0;
				MTL_ENABLE_DEBUG_INFO = NO;
				MTL_FAST_MATH = YES;
				SDKROOT = iphoneos;
				VALIDATE_PRODUCT = YES;
			};
			name = Release;
		};
		258714DE215290CF0063ED99 /* Debug */ = {
			isa = XCBuildConfiguration;
			buildSettings = {
				ASSETCATALOG_COMPILER_APPICON_NAME = AppIcon;
				CODE_SIGN_STYLE = Manual;
				DEVELOPMENT_TEAM = "";
				GCC_PREFIX_HEADER = "/Users/cyj/Desktop/项目备份/ZhiHuiGu/ZhiHuiGu/Classes/publicFile-公共文件/PrefixHeader.pch";
				INFOPLIST_FILE = ZhiHuiGu/Info.plist;
				IPHONEOS_DEPLOYMENT_TARGET = 9.0;
				LD_RUNPATH_SEARCH_PATHS = (
					"$(inherited)",
					"@executable_path/Frameworks",
				);
				PRODUCT_BUNDLE_IDENTIFIER = com.lkmac.ZhiHuiGu;
				PRODUCT_NAME = "$(TARGET_NAME)";
				PROVISIONING_PROFILE_SPECIFIER = "";
				TARGETED_DEVICE_FAMILY = 1;
			};
			name = Debug;
		};
		258714DF215290CF0063ED99 /* Release */ = {
			isa = XCBuildConfiguration;
			buildSettings = {
				ASSETCATALOG_COMPILER_APPICON_NAME = AppIcon;
				CODE_SIGN_STYLE = Manual;
				DEVELOPMENT_TEAM = "";
				GCC_PREFIX_HEADER = "/Users/cyj/Desktop/项目备份/ZhiHuiGu/ZhiHuiGu/Classes/publicFile-公共文件/PrefixHeader.pch";
				INFOPLIST_FILE = ZhiHuiGu/Info.plist;
				IPHONEOS_DEPLOYMENT_TARGET = 9.0;
				LD_RUNPATH_SEARCH_PATHS = (
					"$(inherited)",
					"@executable_path/Frameworks",
				);
				PRODUCT_BUNDLE_IDENTIFIER = com.lkmac.ZhiHuiGu;
				PRODUCT_NAME = "$(TARGET_NAME)";
				PROVISIONING_PROFILE_SPECIFIER = "";
				TARGETED_DEVICE_FAMILY = 1;
			};
			name = Release;
		};
		258714E1215290CF0063ED99 /* Debug */ = {
			isa = XCBuildConfiguration;
			buildSettings = {
				BUNDLE_LOADER = "$(TEST_HOST)";
				CODE_SIGN_STYLE = Automatic;
				INFOPLIST_FILE = ZhiHuiGuTests/Info.plist;
				IPHONEOS_DEPLOYMENT_TARGET = 9.0;
				LD_RUNPATH_SEARCH_PATHS = (
					"$(inherited)",
					"@executable_path/Frameworks",
					"@loader_path/Frameworks",
				);
				PRODUCT_BUNDLE_IDENTIFIER = com.lkmac.ZhiHuiGuTests;
				PRODUCT_NAME = "$(TARGET_NAME)";
				TARGETED_DEVICE_FAMILY = "1,2";
				TEST_HOST = "$(BUILT_PRODUCTS_DIR)/ZhiHuiGu.app/ZhiHuiGu";
			};
			name = Debug;
		};
		258714E2215290CF0063ED99 /* Release */ = {
			isa = XCBuildConfiguration;
			buildSettings = {
				BUNDLE_LOADER = "$(TEST_HOST)";
				CODE_SIGN_STYLE = Automatic;
				INFOPLIST_FILE = ZhiHuiGuTests/Info.plist;
				IPHONEOS_DEPLOYMENT_TARGET = 9.0;
				LD_RUNPATH_SEARCH_PATHS = (
					"$(inherited)",
					"@executable_path/Frameworks",
					"@loader_path/Frameworks",
				);
				PRODUCT_BUNDLE_IDENTIFIER = com.lkmac.ZhiHuiGuTests;
				PRODUCT_NAME = "$(TARGET_NAME)";
				TARGETED_DEVICE_FAMILY = "1,2";
				TEST_HOST = "$(BUILT_PRODUCTS_DIR)/ZhiHuiGu.app/ZhiHuiGu";
			};
			name = Release;
		};
		258714E4215290CF0063ED99 /* Debug */ = {
			isa = XCBuildConfiguration;
			buildSettings = {
				CODE_SIGN_STYLE = Automatic;
				INFOPLIST_FILE = ZhiHuiGuUITests/Info.plist;
				IPHONEOS_DEPLOYMENT_TARGET = 9.0;
				LD_RUNPATH_SEARCH_PATHS = (
					"$(inherited)",
					"@executable_path/Frameworks",
					"@loader_path/Frameworks",
				);
				PRODUCT_BUNDLE_IDENTIFIER = com.lkmac.ZhiHuiGuUITests;
				PRODUCT_NAME = "$(TARGET_NAME)";
				TARGETED_DEVICE_FAMILY = "1,2";
				TEST_TARGET_NAME = ZhiHuiGu;
			};
			name = Debug;
		};
		258714E5215290CF0063ED99 /* Release */ = {
			isa = XCBuildConfiguration;
			buildSettings = {
				CODE_SIGN_STYLE = Automatic;
				INFOPLIST_FILE = ZhiHuiGuUITests/Info.plist;
				IPHONEOS_DEPLOYMENT_TARGET = 9.0;
				LD_RUNPATH_SEARCH_PATHS = (
					"$(inherited)",
					"@executable_path/Frameworks",
					"@loader_path/Frameworks",
				);
				PRODUCT_BUNDLE_IDENTIFIER = com.lkmac.ZhiHuiGuUITests;
				PRODUCT_NAME = "$(TARGET_NAME)";
				TARGETED_DEVICE_FAMILY = "1,2";
				TEST_TARGET_NAME = ZhiHuiGu;
			};
			name = Release;
		};
/* End XCBuildConfiguration section */

/* Begin XCConfigurationList section */
		258714AC215290CE0063ED99 /* Build configuration list for PBXProject "ZhiHuiGu" */ = {
			isa = XCConfigurationList;
			buildConfigurations = (
				258714DB215290CF0063ED99 /* Debug */,
				258714DC215290CF0063ED99 /* Release */,
			);
			defaultConfigurationIsVisible = 0;
			defaultConfigurationName = Release;
		};
		258714DD215290CF0063ED99 /* Build configuration list for PBXNativeTarget "ZhiHuiGu" */ = {
			isa = XCConfigurationList;
			buildConfigurations = (
				258714DE215290CF0063ED99 /* Debug */,
				258714DF215290CF0063ED99 /* Release */,
			);
			defaultConfigurationIsVisible = 0;
			defaultConfigurationName = Release;
		};
		258714E0215290CF0063ED99 /* Build configuration list for PBXNativeTarget "ZhiHuiGuTests" */ = {
			isa = XCConfigurationList;
			buildConfigurations = (
				258714E1215290CF0063ED99 /* Debug */,
				258714E2215290CF0063ED99 /* Release */,
			);
			defaultConfigurationIsVisible = 0;
			defaultConfigurationName = Release;
		};
		258714E3215290CF0063ED99 /* Build configuration list for PBXNativeTarget "ZhiHuiGuUITests" */ = {
			isa = XCConfigurationList;
			buildConfigurations = (
				258714E4215290CF0063ED99 /* Debug */,
				258714E5215290CF0063ED99 /* Release */,
			);
			defaultConfigurationIsVisible = 0;
			defaultConfigurationName = Release;
		};
/* End XCConfigurationList section */
	};
	rootObject = 258714A9215290CE0063ED99 /* Project object */;
}
